
Microsoft Visual Studio Solution File, Format Version 12.00
# Visual Studio Version 17
VisualStudioVersion = 17.0.31903.59
MinimumVisualStudioVersion = 10.0.40219.1
Project("{FAE04EC0-301F-11D3-BF4B-00C04F79EFBC}") = "CommentSample", "CommentSample\CommentSample.csproj", "{6B1112C4-088C-43CF-BAF5-8C18FB7D03D1}"
EndProject
Project("{FAE04EC0-301F-11D3-BF4B-00C04F79EFBC}") = "HelloWorld", "HelloWorld\HelloWorld.csproj", "{7ED2A52D-7610-4AE0-9DE2-FA7127D516B7}"
EndProject
Project("{FAE04EC0-301F-11D3-BF4B-00C04F79EFBC}") = "HeyYou", "HeyYou\HeyYou.csproj", "{7E7384DE-C27F-4BA5-8301-3F68878C71F4}"
EndProject
Project("{FAE04EC0-301F-11D3-BF4B-00C04F79EFBC}") = "PalindromeLength", "PalindromeLength\PalindromeLength.csproj", "{9ECF178E-412B-4760-8F60-26F011B9E3C9}"
EndProject
Project("{FAE04EC0-301F-11D3-BF4B-00C04F79EFBC}") = "TryParseTest", "TryParseTest\TryParseTest.csproj", "{93E9207D-F244-402E-A58E-8720D2202567}"
EndProject
Project("{FAE04EC0-301F-11D3-BF4B-00C04F79EFBC}") = "CheckingForNull", "CheckingForNull\CheckingForNull.csproj", "{5B312132-2D7B-4EA7-886D-99B78171DC7D}"
EndProject
Project("{FAE04EC0-301F-11D3-BF4B-00C04F79EFBC}") = "TestProjectApp", "TestProjectApp\TestProjectApp.csproj", "{5388309A-A950-45CA-8C58-F4EC7351BBC1}"
EndProject
Project("{FAE04EC0-301F-11D3-BF4B-00C04F79EFBC}") = "ProgrammingLanguages", "ProgrammingLanguages\ProgrammingLanguages.csproj", "{9F0B7BB3-72FC-466E-A22D-358EA81A48F6}"
EndProject
Project("{FAE04EC0-301F-11D3-BF4B-00C04F79EFBC}") = "FibonacciCalculator", "FibonacciCalculator\FibonacciCalculator.csproj", "{DC8B2670-FB36-4BB6-92B4-AE40D0AE64CE}"
EndProject
Project("{FAE04EC0-301F-11D3-BF4B-00C04F79EFBC}") = "TicTacToe", "TicTacToe\TicTacToe.csproj", "{8956CD1E-53E1-42BA-9D53-4A794B17F324}"
EndProject
Project("{FAE04EC0-301F-11D3-BF4B-00C04F79EFBC}") = "ClassesExample", "ClassesExample\ClassesExample.csproj", "{0E78183B-125D-4F44-A304-3D361FC4F3C8}"
EndProject
Project("{FAE04EC0-301F-11D3-BF4B-00C04F79EFBC}") = "ClassesExample2", "ClassesExample2\ClassesExample2.csproj", "{B73F273E-33D7-4FBA-8F75-C550C61196BF}"
EndProject
Project("{FAE04EC0-301F-11D3-BF4B-00C04F79EFBC}") = "ClassesExample3", "ClassesExample3\ClassesExample3.csproj", "{35048C77-8F6E-45FA-A6B1-B0CD2ACE2AC0}"
EndProject
Project("{FAE04EC0-301F-11D3-BF4B-00C04F79EFBC}") = "ClassesExample4", "ClassesExample4\ClassesExample4.csproj", "{90F28E8B-B152-4965-B39B-5B3076C0BE89}"
EndProject
Global
	GlobalSection(SolutionConfigurationPlatforms) = preSolution
		Debug|Any CPU = Debug|Any CPU
		Debug|x64 = Debug|x64
		Debug|x86 = Debug|x86
		Release|Any CPU = Release|Any CPU
		Release|x64 = Release|x64
		Release|x86 = Release|x86
	EndGlobalSection
	GlobalSection(ProjectConfigurationPlatforms) = postSolution
		{6B1112C4-088C-43CF-BAF5-8C18FB7D03D1}.Debug|Any CPU.ActiveCfg = Debug|Any CPU
		{6B1112C4-088C-43CF-BAF5-8C18FB7D03D1}.Debug|Any CPU.Build.0 = Debug|Any CPU
		{6B1112C4-088C-43CF-BAF5-8C18FB7D03D1}.Debug|x64.ActiveCfg = Debug|Any CPU
		{6B1112C4-088C-43CF-BAF5-8C18FB7D03D1}.Debug|x64.Build.0 = Debug|Any CPU
		{6B1112C4-088C-43CF-BAF5-8C18FB7D03D1}.Debug|x86.ActiveCfg = Debug|Any CPU
		{6B1112C4-088C-43CF-BAF5-8C18FB7D03D1}.Debug|x86.Build.0 = Debug|Any CPU
		{6B1112C4-088C-43CF-BAF5-8C18FB7D03D1}.Release|Any CPU.ActiveCfg = Release|Any CPU
		{6B1112C4-088C-43CF-BAF5-8C18FB7D03D1}.Release|Any CPU.Build.0 = Release|Any CPU
		{6B1112C4-088C-43CF-BAF5-8C18FB7D03D1}.Release|x64.ActiveCfg = Release|Any CPU
		{6B1112C4-088C-43CF-BAF5-8C18FB7D03D1}.Release|x64.Build.0 = Release|Any CPU
		{6B1112C4-088C-43CF-BAF5-8C18FB7D03D1}.Release|x86.ActiveCfg = Release|Any CPU
		{6B1112C4-088C-43CF-BAF5-8C18FB7D03D1}.Release|x86.Build.0 = Release|Any CPU
		{7ED2A52D-7610-4AE0-9DE2-FA7127D516B7}.Debug|Any CPU.ActiveCfg = Debug|Any CPU
		{7ED2A52D-7610-4AE0-9DE2-FA7127D516B7}.Debug|Any CPU.Build.0 = Debug|Any CPU
		{7ED2A52D-7610-4AE0-9DE2-FA7127D516B7}.Debug|x64.ActiveCfg = Debug|Any CPU
		{7ED2A52D-7610-4AE0-9DE2-FA7127D516B7}.Debug|x64.Build.0 = Debug|Any CPU
		{7ED2A52D-7610-4AE0-9DE2-FA7127D516B7}.Debug|x86.ActiveCfg = Debug|Any CPU
		{7ED2A52D-7610-4AE0-9DE2-FA7127D516B7}.Debug|x86.Build.0 = Debug|Any CPU
		{7ED2A52D-7610-4AE0-9DE2-FA7127D516B7}.Release|Any CPU.ActiveCfg = Release|Any CPU
		{7ED2A52D-7610-4AE0-9DE2-FA7127D516B7}.Release|Any CPU.Build.0 = Release|Any CPU
		{7ED2A52D-7610-4AE0-9DE2-FA7127D516B7}.Release|x64.ActiveCfg = Release|Any CPU
		{7ED2A52D-7610-4AE0-9DE2-FA7127D516B7}.Release|x64.Build.0 = Release|Any CPU
		{7ED2A52D-7610-4AE0-9DE2-FA7127D516B7}.Release|x86.ActiveCfg = Release|Any CPU
		{7ED2A52D-7610-4AE0-9DE2-FA7127D516B7}.Release|x86.Build.0 = Release|Any CPU
		{7E7384DE-C27F-4BA5-8301-3F68878C71F4}.Debug|Any CPU.ActiveCfg = Debug|Any CPU
		{7E7384DE-C27F-4BA5-8301-3F68878C71F4}.Debug|Any CPU.Build.0 = Debug|Any CPU
		{7E7384DE-C27F-4BA5-8301-3F68878C71F4}.Debug|x64.ActiveCfg = Debug|Any CPU
		{7E7384DE-C27F-4BA5-8301-3F68878C71F4}.Debug|x64.Build.0 = Debug|Any CPU
		{7E7384DE-C27F-4BA5-8301-3F68878C71F4}.Debug|x86.ActiveCfg = Debug|Any CPU
		{7E7384DE-C27F-4BA5-8301-3F68878C71F4}.Debug|x86.Build.0 = Debug|Any CPU
		{7E7384DE-C27F-4BA5-8301-3F68878C71F4}.Release|Any CPU.ActiveCfg = Release|Any CPU
		{7E7384DE-C27F-4BA5-8301-3F68878C71F4}.Release|Any CPU.Build.0 = Release|Any CPU
		{7E7384DE-C27F-4BA5-8301-3F68878C71F4}.Release|x64.ActiveCfg = Release|Any CPU
		{7E7384DE-C27F-4BA5-8301-3F68878C71F4}.Release|x64.Build.0 = Release|Any CPU
		{7E7384DE-C27F-4BA5-8301-3F68878C71F4}.Release|x86.ActiveCfg = Release|Any CPU
		{7E7384DE-C27F-4BA5-8301-3F68878C71F4}.Release|x86.Build.0 = Release|Any CPU
		{9ECF178E-412B-4760-8F60-26F011B9E3C9}.Debug|Any CPU.ActiveCfg = Debug|Any CPU
		{9ECF178E-412B-4760-8F60-26F011B9E3C9}.Debug|Any CPU.Build.0 = Debug|Any CPU
		{9ECF178E-412B-4760-8F60-26F011B9E3C9}.Debug|x64.ActiveCfg = Debug|Any CPU
		{9ECF178E-412B-4760-8F60-26F011B9E3C9}.Debug|x64.Build.0 = Debug|Any CPU
		{9ECF178E-412B-4760-8F60-26F011B9E3C9}.Debug|x86.ActiveCfg = Debug|Any CPU
		{9ECF178E-412B-4760-8F60-26F011B9E3C9}.Debug|x86.Build.0 = Debug|Any CPU
		{9ECF178E-412B-4760-8F60-26F011B9E3C9}.Release|Any CPU.ActiveCfg = Release|Any CPU
		{9ECF178E-412B-4760-8F60-26F011B9E3C9}.Release|Any CPU.Build.0 = Release|Any CPU
		{9ECF178E-412B-4760-8F60-26F011B9E3C9}.Release|x64.ActiveCfg = Release|Any CPU
		{9ECF178E-412B-4760-8F60-26F011B9E3C9}.Release|x64.Build.0 = Release|Any CPU
		{9ECF178E-412B-4760-8F60-26F011B9E3C9}.Release|x86.ActiveCfg = Release|Any CPU
		{9ECF178E-412B-4760-8F60-26F011B9E3C9}.Release|x86.Build.0 = Release|Any CPU
		{93E9207D-F244-402E-A58E-8720D2202567}.Debug|Any CPU.ActiveCfg = Debug|Any CPU
		{93E9207D-F244-402E-A58E-8720D2202567}.Debug|Any CPU.Build.0 = Debug|Any CPU
		{93E9207D-F244-402E-A58E-8720D2202567}.Debug|x64.ActiveCfg = Debug|Any CPU
		{93E9207D-F244-402E-A58E-8720D2202567}.Debug|x64.Build.0 = Debug|Any CPU
		{93E9207D-F244-402E-A58E-8720D2202567}.Debug|x86.ActiveCfg = Debug|Any CPU
		{93E9207D-F244-402E-A58E-8720D2202567}.Debug|x86.Build.0 = Debug|Any CPU
		{93E9207D-F244-402E-A58E-8720D2202567}.Release|Any CPU.ActiveCfg = Release|Any CPU
		{93E9207D-F244-402E-A58E-8720D2202567}.Release|Any CPU.Build.0 = Release|Any CPU
		{93E9207D-F244-402E-A58E-8720D2202567}.Release|x64.ActiveCfg = Release|Any CPU
		{93E9207D-F244-402E-A58E-8720D2202567}.Release|x64.Build.0 = Release|Any CPU
		{93E9207D-F244-402E-A58E-8720D2202567}.Release|x86.ActiveCfg = Release|Any CPU
		{93E9207D-F244-402E-A58E-8720D2202567}.Release|x86.Build.0 = Release|Any CPU
		{5B312132-2D7B-4EA7-886D-99B78171DC7D}.Debug|Any CPU.ActiveCfg = Debug|Any CPU
		{5B312132-2D7B-4EA7-886D-99B78171DC7D}.Debug|Any CPU.Build.0 = Debug|Any CPU
		{5B312132-2D7B-4EA7-886D-99B78171DC7D}.Debug|x64.ActiveCfg = Debug|Any CPU
		{5B312132-2D7B-4EA7-886D-99B78171DC7D}.Debug|x64.Build.0 = Debug|Any CPU
		{5B312132-2D7B-4EA7-886D-99B78171DC7D}.Debug|x86.ActiveCfg = Debug|Any CPU
		{5B312132-2D7B-4EA7-886D-99B78171DC7D}.Debug|x86.Build.0 = Debug|Any CPU
		{5B312132-2D7B-4EA7-886D-99B78171DC7D}.Release|Any CPU.ActiveCfg = Release|Any CPU
		{5B312132-2D7B-4EA7-886D-99B78171DC7D}.Release|Any CPU.Build.0 = Release|Any CPU
		{5B312132-2D7B-4EA7-886D-99B78171DC7D}.Release|x64.ActiveCfg = Release|Any CPU
		{5B312132-2D7B-4EA7-886D-99B78171DC7D}.Release|x64.Build.0 = Release|Any CPU
		{5B312132-2D7B-4EA7-886D-99B78171DC7D}.Release|x86.ActiveCfg = Release|Any CPU
		{5B312132-2D7B-4EA7-886D-99B78171DC7D}.Release|x86.Build.0 = Release|Any CPU
		{5388309A-A950-45CA-8C58-F4EC7351BBC1}.Debug|Any CPU.ActiveCfg = Debug|Any CPU
		{5388309A-A950-45CA-8C58-F4EC7351BBC1}.Debug|Any CPU.Build.0 = Debug|Any CPU
		{5388309A-A950-45CA-8C58-F4EC7351BBC1}.Debug|x64.ActiveCfg = Debug|Any CPU
		{5388309A-A950-45CA-8C58-F4EC7351BBC1}.Debug|x64.Build.0 = Debug|Any CPU
		{5388309A-A950-45CA-8C58-F4EC7351BBC1}.Debug|x86.ActiveCfg = Debug|Any CPU
		{5388309A-A950-45CA-8C58-F4EC7351BBC1}.Debug|x86.Build.0 = Debug|Any CPU
		{5388309A-A950-45CA-8C58-F4EC7351BBC1}.Release|Any CPU.ActiveCfg = Release|Any CPU
		{5388309A-A950-45CA-8C58-F4EC7351BBC1}.Release|Any CPU.Build.0 = Release|Any CPU
		{5388309A-A950-45CA-8C58-F4EC7351BBC1}.Release|x64.ActiveCfg = Release|Any CPU
		{5388309A-A950-45CA-8C58-F4EC7351BBC1}.Release|x64.Build.0 = Release|Any CPU
		{5388309A-A950-45CA-8C58-F4EC7351BBC1}.Release|x86.ActiveCfg = Release|Any CPU
		{5388309A-A950-45CA-8C58-F4EC7351BBC1}.Release|x86.Build.0 = Release|Any CPU
		{9F0B7BB3-72FC-466E-A22D-358EA81A48F6}.Debug|Any CPU.ActiveCfg = Debug|Any CPU
		{9F0B7BB3-72FC-466E-A22D-358EA81A48F6}.Debug|Any CPU.Build.0 = Debug|Any CPU
		{9F0B7BB3-72FC-466E-A22D-358EA81A48F6}.Debug|x64.ActiveCfg = Debug|Any CPU
		{9F0B7BB3-72FC-466E-A22D-358EA81A48F6}.Debug|x64.Build.0 = Debug|Any CPU
		{9F0B7BB3-72FC-466E-A22D-358EA81A48F6}.Debug|x86.ActiveCfg = Debug|Any CPU
		{9F0B7BB3-72FC-466E-A22D-358EA81A48F6}.Debug|x86.Build.0 = Debug|Any CPU
		{9F0B7BB3-72FC-466E-A22D-358EA81A48F6}.Release|Any CPU.ActiveCfg = Release|Any CPU
		{9F0B7BB3-72FC-466E-A22D-358EA81A48F6}.Release|Any CPU.Build.0 = Release|Any CPU
		{9F0B7BB3-72FC-466E-A22D-358EA81A48F6}.Release|x64.ActiveCfg = Release|Any CPU
		{9F0B7BB3-72FC-466E-A22D-358EA81A48F6}.Release|x64.Build.0 = Release|Any CPU
		{9F0B7BB3-72FC-466E-A22D-358EA81A48F6}.Release|x86.ActiveCfg = Release|Any CPU
		{9F0B7BB3-72FC-466E-A22D-358EA81A48F6}.Release|x86.Build.0 = Release|Any CPU
		{DC8B2670-FB36-4BB6-92B4-AE40D0AE64CE}.Debug|Any CPU.ActiveCfg = Debug|Any CPU
		{DC8B2670-FB36-4BB6-92B4-AE40D0AE64CE}.Debug|Any CPU.Build.0 = Debug|Any CPU
		{DC8B2670-FB36-4BB6-92B4-AE40D0AE64CE}.Debug|x64.ActiveCfg = Debug|Any CPU
		{DC8B2670-FB36-4BB6-92B4-AE40D0AE64CE}.Debug|x64.Build.0 = Debug|Any CPU
		{DC8B2670-FB36-4BB6-92B4-AE40D0AE64CE}.Debug|x86.ActiveCfg = Debug|Any CPU
		{DC8B2670-FB36-4BB6-92B4-AE40D0AE64CE}.Debug|x86.Build.0 = Debug|Any CPU
		{DC8B2670-FB36-4BB6-92B4-AE40D0AE64CE}.Release|Any CPU.ActiveCfg = Release|Any CPU
		{DC8B2670-FB36-4BB6-92B4-AE40D0AE64CE}.Release|Any CPU.Build.0 = Release|Any CPU
		{DC8B2670-FB36-4BB6-92B4-AE40D0AE64CE}.Release|x64.ActiveCfg = Release|Any CPU
		{DC8B2670-FB36-4BB6-92B4-AE40D0AE64CE}.Release|x64.Build.0 = Release|Any CPU
		{DC8B2670-FB36-4BB6-92B4-AE40D0AE64CE}.Release|x86.ActiveCfg = Release|Any CPU
		{DC8B2670-FB36-4BB6-92B4-AE40D0AE64CE}.Release|x86.Build.0 = Release|Any CPU
		{8956CD1E-53E1-42BA-9D53-4A794B17F324}.Debug|Any CPU.ActiveCfg = Debug|Any CPU
		{8956CD1E-53E1-42BA-9D53-4A794B17F324}.Debug|Any CPU.Build.0 = Debug|Any CPU
		{8956CD1E-53E1-42BA-9D53-4A794B17F324}.Debug|x64.ActiveCfg = Debug|Any CPU
		{8956CD1E-53E1-42BA-9D53-4A794B17F324}.Debug|x64.Build.0 = Debug|Any CPU
		{8956CD1E-53E1-42BA-9D53-4A794B17F324}.Debug|x86.ActiveCfg = Debug|Any CPU
		{8956CD1E-53E1-42BA-9D53-4A794B17F324}.Debug|x86.Build.0 = Debug|Any CPU
		{8956CD1E-53E1-42BA-9D53-4A794B17F324}.Release|Any CPU.ActiveCfg = Release|Any CPU
		{8956CD1E-53E1-42BA-9D53-4A794B17F324}.Release|Any CPU.Build.0 = Release|Any CPU
		{8956CD1E-53E1-42BA-9D53-4A794B17F324}.Release|x64.ActiveCfg = Release|Any CPU
		{8956CD1E-53E1-42BA-9D53-4A794B17F324}.Release|x64.Build.0 = Release|Any CPU
		{8956CD1E-53E1-42BA-9D53-4A794B17F324}.Release|x86.ActiveCfg = Release|Any CPU
		{8956CD1E-53E1-42BA-9D53-4A794B17F324}.Release|x86.Build.0 = Release|Any CPU
		{0E78183B-125D-4F44-A304-3D361FC4F3C8}.Debug|Any CPU.ActiveCfg = Debug|Any CPU
		{0E78183B-125D-4F44-A304-3D361FC4F3C8}.Debug|Any CPU.Build.0 = Debug|Any CPU
		{0E78183B-125D-4F44-A304-3D361FC4F3C8}.Debug|x64.ActiveCfg = Debug|Any CPU
		{0E78183B-125D-4F44-A304-3D361FC4F3C8}.Debug|x64.Build.0 = Debug|Any CPU
		{0E78183B-125D-4F44-A304-3D361FC4F3C8}.Debug|x86.ActiveCfg = Debug|Any CPU
		{0E78183B-125D-4F44-A304-3D361FC4F3C8}.Debug|x86.Build.0 = Debug|Any CPU
		{0E78183B-125D-4F44-A304-3D361FC4F3C8}.Release|Any CPU.ActiveCfg = Release|Any CPU
		{0E78183B-125D-4F44-A304-3D361FC4F3C8}.Release|Any CPU.Build.0 = Release|Any CPU
		{0E78183B-125D-4F44-A304-3D361FC4F3C8}.Release|x64.ActiveCfg = Release|Any CPU
		{0E78183B-125D-4F44-A304-3D361FC4F3C8}.Release|x64.Build.0 = Release|Any CPU
		{0E78183B-125D-4F44-A304-3D361FC4F3C8}.Release|x86.ActiveCfg = Release|Any CPU
		{0E78183B-125D-4F44-A304-3D361FC4F3C8}.Release|x86.Build.0 = Release|Any CPU
		{B73F273E-33D7-4FBA-8F75-C550C61196BF}.Debug|Any CPU.ActiveCfg = Debug|Any CPU
		{B73F273E-33D7-4FBA-8F75-C550C61196BF}.Debug|Any CPU.Build.0 = Debug|Any CPU
		{B73F273E-33D7-4FBA-8F75-C550C61196BF}.Debug|x64.ActiveCfg = Debug|Any CPU
		{B73F273E-33D7-4FBA-8F75-C550C61196BF}.Debug|x64.Build.0 = Debug|Any CPU
		{B73F273E-33D7-4FBA-8F75-C550C61196BF}.Debug|x86.ActiveCfg = Debug|Any CPU
		{B73F273E-33D7-4FBA-8F75-C550C61196BF}.Debug|x86.Build.0 = Debug|Any CPU
		{B73F273E-33D7-4FBA-8F75-C550C61196BF}.Release|Any CPU.ActiveCfg = Release|Any CPU
		{B73F273E-33D7-4FBA-8F75-C550C61196BF}.Release|Any CPU.Build.0 = Release|Any CPU
		{B73F273E-33D7-4FBA-8F75-C550C61196BF}.Release|x64.ActiveCfg = Release|Any CPU
		{B73F273E-33D7-4FBA-8F75-C550C61196BF}.Release|x64.Build.0 = Release|Any CPU
		{B73F273E-33D7-4FBA-8F75-C550C61196BF}.Release|x86.ActiveCfg = Release|Any CPU
		{B73F273E-33D7-4FBA-8F75-C550C61196BF}.Release|x86.Build.0 = Release|Any CPU
		{35048C77-8F6E-45FA-A6B1-B0CD2ACE2AC0}.Debug|Any CPU.ActiveCfg = Debug|Any CPU
		{35048C77-8F6E-45FA-A6B1-B0CD2ACE2AC0}.Debug|Any CPU.Build.0 = Debug|Any CPU
		{35048C77-8F6E-45FA-A6B1-B0CD2ACE2AC0}.Debug|x64.ActiveCfg = Debug|Any CPU
		{35048C77-8F6E-45FA-A6B1-B0CD2ACE2AC0}.Debug|x64.Build.0 = Debug|Any CPU
		{35048C77-8F6E-45FA-A6B1-B0CD2ACE2AC0}.Debug|x86.ActiveCfg = Debug|Any CPU
		{35048C77-8F6E-45FA-A6B1-B0CD2ACE2AC0}.Debug|x86.Build.0 = Debug|Any CPU
		{35048C77-8F6E-45FA-A6B1-B0CD2ACE2AC0}.Release|Any CPU.ActiveCfg = Release|Any CPU
		{35048C77-8F6E-45FA-A6B1-B0CD2ACE2AC0}.Release|Any CPU.Build.0 = Release|Any CPU
		{35048C77-8F6E-45FA-A6B1-B0CD2ACE2AC0}.Release|x64.ActiveCfg = Release|Any CPU
		{35048C77-8F6E-45FA-A6B1-B0CD2ACE2AC0}.Release|x64.Build.0 = Release|Any CPU
		{35048C77-8F6E-45FA-A6B1-B0CD2ACE2AC0}.Release|x86.ActiveCfg = Release|Any CPU
		{35048C77-8F6E-45FA-A6B1-B0CD2ACE2AC0}.Release|x86.Build.0 = Release|Any CPU
		{90F28E8B-B152-4965-B39B-5B3076C0BE89}.Debug|Any CPU.ActiveCfg = Debug|Any CPU
		{90F28E8B-B152-4965-B39B-5B3076C0BE89}.Debug|Any CPU.Build.0 = Debug|Any CPU
		{90F28E8B-B152-4965-B39B-5B3076C0BE89}.Debug|x64.ActiveCfg = Debug|Any CPU
		{90F28E8B-B152-4965-B39B-5B3076C0BE89}.Debug|x64.Build.0 = Debug|Any CPU
		{90F28E8B-B152-4965-B39B-5B3076C0BE89}.Debug|x86.ActiveCfg = Debug|Any CPU
		{90F28E8B-B152-4965-B39B-5B3076C0BE89}.Debug|x86.Build.0 = Debug|Any CPU
		{90F28E8B-B152-4965-B39B-5B3076C0BE89}.Release|Any CPU.ActiveCfg = Release|Any CPU
		{90F28E8B-B152-4965-B39B-5B3076C0BE89}.Release|Any CPU.Build.0 = Release|Any CPU
		{90F28E8B-B152-4965-B39B-5B3076C0BE89}.Release|x64.ActiveCfg = Release|Any CPU
		{90F28E8B-B152-4965-B39B-5B3076C0BE89}.Release|x64.Build.0 = Release|Any CPU
		{90F28E8B-B152-4965-B39B-5B3076C0BE89}.Release|x86.ActiveCfg = Release|Any CPU
		{90F28E8B-B152-4965-B39B-5B3076C0BE89}.Release|x86.Build.0 = Release|Any CPU
	EndGlobalSection
	GlobalSection(SolutionProperties) = preSolution
		HideSolutionNode = FALSE
	EndGlobalSection
EndGlobal
