
Microsoft Visual Studio Solution File, Format Version 12.00
# Visual Studio Version 17
VisualStudioVersion = 17.0.31903.59
MinimumVisualStudioVersion = 10.0.40219.1
Project("{FAE04EC0-301F-11D3-BF4B-00C04F79EFBC}") = "CommentSample", "CommentSample\CommentSample.csproj", "{6B1112C4-088C-43CF-BAF5-8C18FB7D03D1}"
EndProject
Project("{FAE04EC0-301F-11D3-BF4B-00C04F79EFBC}") = "HelloWorld", "HelloWorld\HelloWorld.csproj", "{7ED2A52D-7610-4AE0-9DE2-FA7127D516B7}"
EndProject
Global
	GlobalSection(SolutionConfigurationPlatforms) = preSolution
		Debug|Any CPU = Debug|Any CPU
		Release|Any CPU = Release|Any CPU
	EndGlobalSection
	GlobalSection(SolutionProperties) = preSolution
		HideSolutionNode = FALSE
	EndGlobalSection
	GlobalSection(ProjectConfigurationPlatforms) = postSolution
		{6B1112C4-088C-43CF-BAF5-8C18FB7D03D1}.Debug|Any CPU.ActiveCfg = Debug|Any CPU
		{6B1112C4-088C-43CF-BAF5-8C18FB7D03D1}.Debug|Any CPU.Build.0 = Debug|Any CPU
		{6B1112C4-088C-43CF-BAF5-8C18FB7D03D1}.Release|Any CPU.ActiveCfg = Release|Any CPU
		{6B1112C4-088C-43CF-BAF5-8C18FB7D03D1}.Release|Any CPU.Build.0 = Release|Any CPU
		{7ED2A52D-7610-4AE0-9DE2-FA7127D516B7}.Debug|Any CPU.ActiveCfg = Debug|Any CPU
		{7ED2A52D-7610-4AE0-9DE2-FA7127D516B7}.Debug|Any CPU.Build.0 = Debug|Any CPU
		{7ED2A52D-7610-4AE0-9DE2-FA7127D516B7}.Release|Any CPU.ActiveCfg = Release|Any CPU
		{7ED2A52D-7610-4AE0-9DE2-FA7127D516B7}.Release|Any CPU.Build.0 = Release|Any CPU
	EndGlobalSection
EndGlobal
