
Microsoft Visual Studio Solution File, Format Version 12.00
# Visual Studio Version 17
VisualStudioVersion = 17.0.31903.59
MinimumVisualStudioVersion = 10.0.40219.1
Project("{FAE04EC0-301F-11D3-BF4B-00C04F79EFBC}") = "NewProject101", "NewProject101\NewProject101.csproj", "{8B0CDD58-7E1C-4587-9867-D476DB10F23C}"
EndProject
Project("{FAE04EC0-301F-11D3-BF4B-00C04F79EFBC}") = "NewProject102", "NewProject102\NewProject102.csproj", "{0CD3F163-D2C0-41BF-8C98-D22C10277BB2}"
EndProject
Project("{FAE04EC0-301F-11D3-BF4B-00C04F79EFBC}") = "NewProject201", "NewProject201\NewProject201.csproj", "{EB33A69E-7AA4-4E55-858E-53174542B60B}"
EndProject
Project("{FAE04EC0-301F-11D3-BF4B-00C04F79EFBC}") = "NewProject202", "NewProject202\NewProject202.csproj", "{053E05DF-5CA1-4720-8903-7175888F07E3}"
EndProject
Project("{FAE04EC0-301F-11D3-BF4B-00C04F79EFBC}") = "NewProject203", "NewProject203\NewProject203.csproj", "{AC427975-57CF-4A78-A319-7A9094C18415}"
EndProject
Project("{FAE04EC0-301F-11D3-BF4B-00C04F79EFBC}") = "NewProject204", "NewProject204\NewProject204.csproj", "{B76741A1-C161-4678-83D1-48B7C30BAD6B}"
EndProject
Project("{FAE04EC0-301F-11D3-BF4B-00C04F79EFBC}") = "NewProject205", "NewProject205\NewProject205.csproj", "{FD7C8ED4-4E98-489D-A4D1-AD11FFE3EFB3}"
EndProject
Project("{FAE04EC0-301F-11D3-BF4B-00C04F79EFBC}") = "NewProject301", "NewProject301\NewProject301.csproj", "{CD9DABCC-89B2-49EB-B65D-E5D0BD7F668F}"
EndProject
Project("{FAE04EC0-301F-11D3-BF4B-00C04F79EFBC}") = "NewProject302", "NewProject302\NewProject302.csproj", "{904DB24F-C584-4238-B25E-92F705A14691}"
EndProject
Project("{FAE04EC0-301F-11D3-BF4B-00C04F79EFBC}") = "NewProject303", "NewProject303\NewProject303.csproj", "{CB3624DF-F788-4744-8082-BDFF0F055849}"
EndProject
Project("{FAE04EC0-301F-11D3-BF4B-00C04F79EFBC}") = "NewProject304", "NewProject304\NewProject304.csproj", "{4BAC4A64-103B-4E5C-8D38-F799538B99C6}"
EndProject
Project("{FAE04EC0-301F-11D3-BF4B-00C04F79EFBC}") = "NewProject305", "NewProject305\NewProject305.csproj", "{F476CD11-A4B8-4F9F-BE39-6C8D7C38EF6A}"
EndProject
Project("{FAE04EC0-301F-11D3-BF4B-00C04F79EFBC}") = "NewProject306", "NewProject306\NewProject306.csproj", "{081C405A-8BEA-4F17-A801-A187E8DEF04A}"
EndProject
Project("{FAE04EC0-301F-11D3-BF4B-00C04F79EFBC}") = "NewProject307", "NewProject307\NewProject307.csproj", "{A9B5709E-8AB7-4C58-9BEA-8D4ADE61AABF}"
EndProject
Project("{FAE04EC0-301F-11D3-BF4B-00C04F79EFBC}") = "NewProject401", "NewProject401\NewProject401.csproj", "{5201EF68-F709-429F-B482-09CA559EEDB4}"
EndProject
Global
	GlobalSection(SolutionConfigurationPlatforms) = preSolution
		Debug|Any CPU = Debug|Any CPU
		Debug|x64 = Debug|x64
		Debug|x86 = Debug|x86
		Release|Any CPU = Release|Any CPU
		Release|x64 = Release|x64
		Release|x86 = Release|x86
	EndGlobalSection
	GlobalSection(ProjectConfigurationPlatforms) = postSolution
		{8B0CDD58-7E1C-4587-9867-D476DB10F23C}.Debug|Any CPU.ActiveCfg = Debug|Any CPU
		{8B0CDD58-7E1C-4587-9867-D476DB10F23C}.Debug|Any CPU.Build.0 = Debug|Any CPU
		{8B0CDD58-7E1C-4587-9867-D476DB10F23C}.Debug|x64.ActiveCfg = Debug|Any CPU
		{8B0CDD58-7E1C-4587-9867-D476DB10F23C}.Debug|x64.Build.0 = Debug|Any CPU
		{8B0CDD58-7E1C-4587-9867-D476DB10F23C}.Debug|x86.ActiveCfg = Debug|Any CPU
		{8B0CDD58-7E1C-4587-9867-D476DB10F23C}.Debug|x86.Build.0 = Debug|Any CPU
		{8B0CDD58-7E1C-4587-9867-D476DB10F23C}.Release|Any CPU.ActiveCfg = Release|Any CPU
		{8B0CDD58-7E1C-4587-9867-D476DB10F23C}.Release|Any CPU.Build.0 = Release|Any CPU
		{8B0CDD58-7E1C-4587-9867-D476DB10F23C}.Release|x64.ActiveCfg = Release|Any CPU
		{8B0CDD58-7E1C-4587-9867-D476DB10F23C}.Release|x64.Build.0 = Release|Any CPU
		{8B0CDD58-7E1C-4587-9867-D476DB10F23C}.Release|x86.ActiveCfg = Release|Any CPU
		{8B0CDD58-7E1C-4587-9867-D476DB10F23C}.Release|x86.Build.0 = Release|Any CPU
		{0CD3F163-D2C0-41BF-8C98-D22C10277BB2}.Debug|Any CPU.ActiveCfg = Debug|Any CPU
		{0CD3F163-D2C0-41BF-8C98-D22C10277BB2}.Debug|Any CPU.Build.0 = Debug|Any CPU
		{0CD3F163-D2C0-41BF-8C98-D22C10277BB2}.Debug|x64.ActiveCfg = Debug|Any CPU
		{0CD3F163-D2C0-41BF-8C98-D22C10277BB2}.Debug|x64.Build.0 = Debug|Any CPU
		{0CD3F163-D2C0-41BF-8C98-D22C10277BB2}.Debug|x86.ActiveCfg = Debug|Any CPU
		{0CD3F163-D2C0-41BF-8C98-D22C10277BB2}.Debug|x86.Build.0 = Debug|Any CPU
		{0CD3F163-D2C0-41BF-8C98-D22C10277BB2}.Release|Any CPU.ActiveCfg = Release|Any CPU
		{0CD3F163-D2C0-41BF-8C98-D22C10277BB2}.Release|Any CPU.Build.0 = Release|Any CPU
		{0CD3F163-D2C0-41BF-8C98-D22C10277BB2}.Release|x64.ActiveCfg = Release|Any CPU
		{0CD3F163-D2C0-41BF-8C98-D22C10277BB2}.Release|x64.Build.0 = Release|Any CPU
		{0CD3F163-D2C0-41BF-8C98-D22C10277BB2}.Release|x86.ActiveCfg = Release|Any CPU
		{0CD3F163-D2C0-41BF-8C98-D22C10277BB2}.Release|x86.Build.0 = Release|Any CPU
		{EB33A69E-7AA4-4E55-858E-53174542B60B}.Debug|Any CPU.ActiveCfg = Debug|Any CPU
		{EB33A69E-7AA4-4E55-858E-53174542B60B}.Debug|Any CPU.Build.0 = Debug|Any CPU
		{EB33A69E-7AA4-4E55-858E-53174542B60B}.Debug|x64.ActiveCfg = Debug|Any CPU
		{EB33A69E-7AA4-4E55-858E-53174542B60B}.Debug|x64.Build.0 = Debug|Any CPU
		{EB33A69E-7AA4-4E55-858E-53174542B60B}.Debug|x86.ActiveCfg = Debug|Any CPU
		{EB33A69E-7AA4-4E55-858E-53174542B60B}.Debug|x86.Build.0 = Debug|Any CPU
		{EB33A69E-7AA4-4E55-858E-53174542B60B}.Release|Any CPU.ActiveCfg = Release|Any CPU
		{EB33A69E-7AA4-4E55-858E-53174542B60B}.Release|Any CPU.Build.0 = Release|Any CPU
		{EB33A69E-7AA4-4E55-858E-53174542B60B}.Release|x64.ActiveCfg = Release|Any CPU
		{EB33A69E-7AA4-4E55-858E-53174542B60B}.Release|x64.Build.0 = Release|Any CPU
		{EB33A69E-7AA4-4E55-858E-53174542B60B}.Release|x86.ActiveCfg = Release|Any CPU
		{EB33A69E-7AA4-4E55-858E-53174542B60B}.Release|x86.Build.0 = Release|Any CPU
		{053E05DF-5CA1-4720-8903-7175888F07E3}.Debug|Any CPU.ActiveCfg = Debug|Any CPU
		{053E05DF-5CA1-4720-8903-7175888F07E3}.Debug|Any CPU.Build.0 = Debug|Any CPU
		{053E05DF-5CA1-4720-8903-7175888F07E3}.Debug|x64.ActiveCfg = Debug|Any CPU
		{053E05DF-5CA1-4720-8903-7175888F07E3}.Debug|x64.Build.0 = Debug|Any CPU
		{053E05DF-5CA1-4720-8903-7175888F07E3}.Debug|x86.ActiveCfg = Debug|Any CPU
		{053E05DF-5CA1-4720-8903-7175888F07E3}.Debug|x86.Build.0 = Debug|Any CPU
		{053E05DF-5CA1-4720-8903-7175888F07E3}.Release|Any CPU.ActiveCfg = Release|Any CPU
		{053E05DF-5CA1-4720-8903-7175888F07E3}.Release|Any CPU.Build.0 = Release|Any CPU
		{053E05DF-5CA1-4720-8903-7175888F07E3}.Release|x64.ActiveCfg = Release|Any CPU
		{053E05DF-5CA1-4720-8903-7175888F07E3}.Release|x64.Build.0 = Release|Any CPU
		{053E05DF-5CA1-4720-8903-7175888F07E3}.Release|x86.ActiveCfg = Release|Any CPU
		{053E05DF-5CA1-4720-8903-7175888F07E3}.Release|x86.Build.0 = Release|Any CPU
		{AC427975-57CF-4A78-A319-7A9094C18415}.Debug|Any CPU.ActiveCfg = Debug|Any CPU
		{AC427975-57CF-4A78-A319-7A9094C18415}.Debug|Any CPU.Build.0 = Debug|Any CPU
		{AC427975-57CF-4A78-A319-7A9094C18415}.Debug|x64.ActiveCfg = Debug|Any CPU
		{AC427975-57CF-4A78-A319-7A9094C18415}.Debug|x64.Build.0 = Debug|Any CPU
		{AC427975-57CF-4A78-A319-7A9094C18415}.Debug|x86.ActiveCfg = Debug|Any CPU
		{AC427975-57CF-4A78-A319-7A9094C18415}.Debug|x86.Build.0 = Debug|Any CPU
		{AC427975-57CF-4A78-A319-7A9094C18415}.Release|Any CPU.ActiveCfg = Release|Any CPU
		{AC427975-57CF-4A78-A319-7A9094C18415}.Release|Any CPU.Build.0 = Release|Any CPU
		{AC427975-57CF-4A78-A319-7A9094C18415}.Release|x64.ActiveCfg = Release|Any CPU
		{AC427975-57CF-4A78-A319-7A9094C18415}.Release|x64.Build.0 = Release|Any CPU
		{AC427975-57CF-4A78-A319-7A9094C18415}.Release|x86.ActiveCfg = Release|Any CPU
		{AC427975-57CF-4A78-A319-7A9094C18415}.Release|x86.Build.0 = Release|Any CPU
		{B76741A1-C161-4678-83D1-48B7C30BAD6B}.Debug|Any CPU.ActiveCfg = Debug|Any CPU
		{B76741A1-C161-4678-83D1-48B7C30BAD6B}.Debug|Any CPU.Build.0 = Debug|Any CPU
		{B76741A1-C161-4678-83D1-48B7C30BAD6B}.Debug|x64.ActiveCfg = Debug|Any CPU
		{B76741A1-C161-4678-83D1-48B7C30BAD6B}.Debug|x64.Build.0 = Debug|Any CPU
		{B76741A1-C161-4678-83D1-48B7C30BAD6B}.Debug|x86.ActiveCfg = Debug|Any CPU
		{B76741A1-C161-4678-83D1-48B7C30BAD6B}.Debug|x86.Build.0 = Debug|Any CPU
		{B76741A1-C161-4678-83D1-48B7C30BAD6B}.Release|Any CPU.ActiveCfg = Release|Any CPU
		{B76741A1-C161-4678-83D1-48B7C30BAD6B}.Release|Any CPU.Build.0 = Release|Any CPU
		{B76741A1-C161-4678-83D1-48B7C30BAD6B}.Release|x64.ActiveCfg = Release|Any CPU
		{B76741A1-C161-4678-83D1-48B7C30BAD6B}.Release|x64.Build.0 = Release|Any CPU
		{B76741A1-C161-4678-83D1-48B7C30BAD6B}.Release|x86.ActiveCfg = Release|Any CPU
		{B76741A1-C161-4678-83D1-48B7C30BAD6B}.Release|x86.Build.0 = Release|Any CPU
		{FD7C8ED4-4E98-489D-A4D1-AD11FFE3EFB3}.Debug|Any CPU.ActiveCfg = Debug|Any CPU
		{FD7C8ED4-4E98-489D-A4D1-AD11FFE3EFB3}.Debug|Any CPU.Build.0 = Debug|Any CPU
		{FD7C8ED4-4E98-489D-A4D1-AD11FFE3EFB3}.Debug|x64.ActiveCfg = Debug|Any CPU
		{FD7C8ED4-4E98-489D-A4D1-AD11FFE3EFB3}.Debug|x64.Build.0 = Debug|Any CPU
		{FD7C8ED4-4E98-489D-A4D1-AD11FFE3EFB3}.Debug|x86.ActiveCfg = Debug|Any CPU
		{FD7C8ED4-4E98-489D-A4D1-AD11FFE3EFB3}.Debug|x86.Build.0 = Debug|Any CPU
		{FD7C8ED4-4E98-489D-A4D1-AD11FFE3EFB3}.Release|Any CPU.ActiveCfg = Release|Any CPU
		{FD7C8ED4-4E98-489D-A4D1-AD11FFE3EFB3}.Release|Any CPU.Build.0 = Release|Any CPU
		{FD7C8ED4-4E98-489D-A4D1-AD11FFE3EFB3}.Release|x64.ActiveCfg = Release|Any CPU
		{FD7C8ED4-4E98-489D-A4D1-AD11FFE3EFB3}.Release|x64.Build.0 = Release|Any CPU
		{FD7C8ED4-4E98-489D-A4D1-AD11FFE3EFB3}.Release|x86.ActiveCfg = Release|Any CPU
		{FD7C8ED4-4E98-489D-A4D1-AD11FFE3EFB3}.Release|x86.Build.0 = Release|Any CPU
		{CD9DABCC-89B2-49EB-B65D-E5D0BD7F668F}.Debug|Any CPU.ActiveCfg = Debug|Any CPU
		{CD9DABCC-89B2-49EB-B65D-E5D0BD7F668F}.Debug|Any CPU.Build.0 = Debug|Any CPU
		{CD9DABCC-89B2-49EB-B65D-E5D0BD7F668F}.Debug|x64.ActiveCfg = Debug|Any CPU
		{CD9DABCC-89B2-49EB-B65D-E5D0BD7F668F}.Debug|x64.Build.0 = Debug|Any CPU
		{CD9DABCC-89B2-49EB-B65D-E5D0BD7F668F}.Debug|x86.ActiveCfg = Debug|Any CPU
		{CD9DABCC-89B2-49EB-B65D-E5D0BD7F668F}.Debug|x86.Build.0 = Debug|Any CPU
		{CD9DABCC-89B2-49EB-B65D-E5D0BD7F668F}.Release|Any CPU.ActiveCfg = Release|Any CPU
		{CD9DABCC-89B2-49EB-B65D-E5D0BD7F668F}.Release|Any CPU.Build.0 = Release|Any CPU
		{CD9DABCC-89B2-49EB-B65D-E5D0BD7F668F}.Release|x64.ActiveCfg = Release|Any CPU
		{CD9DABCC-89B2-49EB-B65D-E5D0BD7F668F}.Release|x64.Build.0 = Release|Any CPU
		{CD9DABCC-89B2-49EB-B65D-E5D0BD7F668F}.Release|x86.ActiveCfg = Release|Any CPU
		{CD9DABCC-89B2-49EB-B65D-E5D0BD7F668F}.Release|x86.Build.0 = Release|Any CPU
		{904DB24F-C584-4238-B25E-92F705A14691}.Debug|Any CPU.ActiveCfg = Debug|Any CPU
		{904DB24F-C584-4238-B25E-92F705A14691}.Debug|Any CPU.Build.0 = Debug|Any CPU
		{904DB24F-C584-4238-B25E-92F705A14691}.Debug|x64.ActiveCfg = Debug|Any CPU
		{904DB24F-C584-4238-B25E-92F705A14691}.Debug|x64.Build.0 = Debug|Any CPU
		{904DB24F-C584-4238-B25E-92F705A14691}.Debug|x86.ActiveCfg = Debug|Any CPU
		{904DB24F-C584-4238-B25E-92F705A14691}.Debug|x86.Build.0 = Debug|Any CPU
		{904DB24F-C584-4238-B25E-92F705A14691}.Release|Any CPU.ActiveCfg = Release|Any CPU
		{904DB24F-C584-4238-B25E-92F705A14691}.Release|Any CPU.Build.0 = Release|Any CPU
		{904DB24F-C584-4238-B25E-92F705A14691}.Release|x64.ActiveCfg = Release|Any CPU
		{904DB24F-C584-4238-B25E-92F705A14691}.Release|x64.Build.0 = Release|Any CPU
		{904DB24F-C584-4238-B25E-92F705A14691}.Release|x86.ActiveCfg = Release|Any CPU
		{904DB24F-C584-4238-B25E-92F705A14691}.Release|x86.Build.0 = Release|Any CPU
		{CB3624DF-F788-4744-8082-BDFF0F055849}.Debug|Any CPU.ActiveCfg = Debug|Any CPU
		{CB3624DF-F788-4744-8082-BDFF0F055849}.Debug|Any CPU.Build.0 = Debug|Any CPU
		{CB3624DF-F788-4744-8082-BDFF0F055849}.Debug|x64.ActiveCfg = Debug|Any CPU
		{CB3624DF-F788-4744-8082-BDFF0F055849}.Debug|x64.Build.0 = Debug|Any CPU
		{CB3624DF-F788-4744-8082-BDFF0F055849}.Debug|x86.ActiveCfg = Debug|Any CPU
		{CB3624DF-F788-4744-8082-BDFF0F055849}.Debug|x86.Build.0 = Debug|Any CPU
		{CB3624DF-F788-4744-8082-BDFF0F055849}.Release|Any CPU.ActiveCfg = Release|Any CPU
		{CB3624DF-F788-4744-8082-BDFF0F055849}.Release|Any CPU.Build.0 = Release|Any CPU
		{CB3624DF-F788-4744-8082-BDFF0F055849}.Release|x64.ActiveCfg = Release|Any CPU
		{CB3624DF-F788-4744-8082-BDFF0F055849}.Release|x64.Build.0 = Release|Any CPU
		{CB3624DF-F788-4744-8082-BDFF0F055849}.Release|x86.ActiveCfg = Release|Any CPU
		{CB3624DF-F788-4744-8082-BDFF0F055849}.Release|x86.Build.0 = Release|Any CPU
		{4BAC4A64-103B-4E5C-8D38-F799538B99C6}.Debug|Any CPU.ActiveCfg = Debug|Any CPU
		{4BAC4A64-103B-4E5C-8D38-F799538B99C6}.Debug|Any CPU.Build.0 = Debug|Any CPU
		{4BAC4A64-103B-4E5C-8D38-F799538B99C6}.Debug|x64.ActiveCfg = Debug|Any CPU
		{4BAC4A64-103B-4E5C-8D38-F799538B99C6}.Debug|x64.Build.0 = Debug|Any CPU
		{4BAC4A64-103B-4E5C-8D38-F799538B99C6}.Debug|x86.ActiveCfg = Debug|Any CPU
		{4BAC4A64-103B-4E5C-8D38-F799538B99C6}.Debug|x86.Build.0 = Debug|Any CPU
		{4BAC4A64-103B-4E5C-8D38-F799538B99C6}.Release|Any CPU.ActiveCfg = Release|Any CPU
		{4BAC4A64-103B-4E5C-8D38-F799538B99C6}.Release|Any CPU.Build.0 = Release|Any CPU
		{4BAC4A64-103B-4E5C-8D38-F799538B99C6}.Release|x64.ActiveCfg = Release|Any CPU
		{4BAC4A64-103B-4E5C-8D38-F799538B99C6}.Release|x64.Build.0 = Release|Any CPU
		{4BAC4A64-103B-4E5C-8D38-F799538B99C6}.Release|x86.ActiveCfg = Release|Any CPU
		{4BAC4A64-103B-4E5C-8D38-F799538B99C6}.Release|x86.Build.0 = Release|Any CPU
		{F476CD11-A4B8-4F9F-BE39-6C8D7C38EF6A}.Debug|Any CPU.ActiveCfg = Debug|Any CPU
		{F476CD11-A4B8-4F9F-BE39-6C8D7C38EF6A}.Debug|Any CPU.Build.0 = Debug|Any CPU
		{F476CD11-A4B8-4F9F-BE39-6C8D7C38EF6A}.Debug|x64.ActiveCfg = Debug|Any CPU
		{F476CD11-A4B8-4F9F-BE39-6C8D7C38EF6A}.Debug|x64.Build.0 = Debug|Any CPU
		{F476CD11-A4B8-4F9F-BE39-6C8D7C38EF6A}.Debug|x86.ActiveCfg = Debug|Any CPU
		{F476CD11-A4B8-4F9F-BE39-6C8D7C38EF6A}.Debug|x86.Build.0 = Debug|Any CPU
		{F476CD11-A4B8-4F9F-BE39-6C8D7C38EF6A}.Release|Any CPU.ActiveCfg = Release|Any CPU
		{F476CD11-A4B8-4F9F-BE39-6C8D7C38EF6A}.Release|Any CPU.Build.0 = Release|Any CPU
		{F476CD11-A4B8-4F9F-BE39-6C8D7C38EF6A}.Release|x64.ActiveCfg = Release|Any CPU
		{F476CD11-A4B8-4F9F-BE39-6C8D7C38EF6A}.Release|x64.Build.0 = Release|Any CPU
		{F476CD11-A4B8-4F9F-BE39-6C8D7C38EF6A}.Release|x86.ActiveCfg = Release|Any CPU
		{F476CD11-A4B8-4F9F-BE39-6C8D7C38EF6A}.Release|x86.Build.0 = Release|Any CPU
		{081C405A-8BEA-4F17-A801-A187E8DEF04A}.Debug|Any CPU.ActiveCfg = Debug|Any CPU
		{081C405A-8BEA-4F17-A801-A187E8DEF04A}.Debug|Any CPU.Build.0 = Debug|Any CPU
		{081C405A-8BEA-4F17-A801-A187E8DEF04A}.Debug|x64.ActiveCfg = Debug|Any CPU
		{081C405A-8BEA-4F17-A801-A187E8DEF04A}.Debug|x64.Build.0 = Debug|Any CPU
		{081C405A-8BEA-4F17-A801-A187E8DEF04A}.Debug|x86.ActiveCfg = Debug|Any CPU
		{081C405A-8BEA-4F17-A801-A187E8DEF04A}.Debug|x86.Build.0 = Debug|Any CPU
		{081C405A-8BEA-4F17-A801-A187E8DEF04A}.Release|Any CPU.ActiveCfg = Release|Any CPU
		{081C405A-8BEA-4F17-A801-A187E8DEF04A}.Release|Any CPU.Build.0 = Release|Any CPU
		{081C405A-8BEA-4F17-A801-A187E8DEF04A}.Release|x64.ActiveCfg = Release|Any CPU
		{081C405A-8BEA-4F17-A801-A187E8DEF04A}.Release|x64.Build.0 = Release|Any CPU
		{081C405A-8BEA-4F17-A801-A187E8DEF04A}.Release|x86.ActiveCfg = Release|Any CPU
		{081C405A-8BEA-4F17-A801-A187E8DEF04A}.Release|x86.Build.0 = Release|Any CPU
		{A9B5709E-8AB7-4C58-9BEA-8D4ADE61AABF}.Debug|Any CPU.ActiveCfg = Debug|Any CPU
		{A9B5709E-8AB7-4C58-9BEA-8D4ADE61AABF}.Debug|Any CPU.Build.0 = Debug|Any CPU
		{A9B5709E-8AB7-4C58-9BEA-8D4ADE61AABF}.Debug|x64.ActiveCfg = Debug|Any CPU
		{A9B5709E-8AB7-4C58-9BEA-8D4ADE61AABF}.Debug|x64.Build.0 = Debug|Any CPU
		{A9B5709E-8AB7-4C58-9BEA-8D4ADE61AABF}.Debug|x86.ActiveCfg = Debug|Any CPU
		{A9B5709E-8AB7-4C58-9BEA-8D4ADE61AABF}.Debug|x86.Build.0 = Debug|Any CPU
		{A9B5709E-8AB7-4C58-9BEA-8D4ADE61AABF}.Release|Any CPU.ActiveCfg = Release|Any CPU
		{A9B5709E-8AB7-4C58-9BEA-8D4ADE61AABF}.Release|Any CPU.Build.0 = Release|Any CPU
		{A9B5709E-8AB7-4C58-9BEA-8D4ADE61AABF}.Release|x64.ActiveCfg = Release|Any CPU
		{A9B5709E-8AB7-4C58-9BEA-8D4ADE61AABF}.Release|x64.Build.0 = Release|Any CPU
		{A9B5709E-8AB7-4C58-9BEA-8D4ADE61AABF}.Release|x86.ActiveCfg = Release|Any CPU
		{A9B5709E-8AB7-4C58-9BEA-8D4ADE61AABF}.Release|x86.Build.0 = Release|Any CPU
		{5201EF68-F709-429F-B482-09CA559EEDB4}.Debug|Any CPU.ActiveCfg = Debug|Any CPU
		{5201EF68-F709-429F-B482-09CA559EEDB4}.Debug|Any CPU.Build.0 = Debug|Any CPU
		{5201EF68-F709-429F-B482-09CA559EEDB4}.Debug|x64.ActiveCfg = Debug|Any CPU
		{5201EF68-F709-429F-B482-09CA559EEDB4}.Debug|x64.Build.0 = Debug|Any CPU
		{5201EF68-F709-429F-B482-09CA559EEDB4}.Debug|x86.ActiveCfg = Debug|Any CPU
		{5201EF68-F709-429F-B482-09CA559EEDB4}.Debug|x86.Build.0 = Debug|Any CPU
		{5201EF68-F709-429F-B482-09CA559EEDB4}.Release|Any CPU.ActiveCfg = Release|Any CPU
		{5201EF68-F709-429F-B482-09CA559EEDB4}.Release|Any CPU.Build.0 = Release|Any CPU
		{5201EF68-F709-429F-B482-09CA559EEDB4}.Release|x64.ActiveCfg = Release|Any CPU
		{5201EF68-F709-429F-B482-09CA559EEDB4}.Release|x64.Build.0 = Release|Any CPU
		{5201EF68-F709-429F-B482-09CA559EEDB4}.Release|x86.ActiveCfg = Release|Any CPU
		{5201EF68-F709-429F-B482-09CA559EEDB4}.Release|x86.Build.0 = Release|Any CPU
	EndGlobalSection
	GlobalSection(SolutionProperties) = preSolution
		HideSolutionNode = FALSE
	EndGlobalSection
EndGlobal
