Microsoft Visual Studio Solution File, Format Version 12.00
# Visual Studio Version 17
VisualStudioVersion = 17.5.2.0
MinimumVisualStudioVersion = 10.0.40219.1
Project("{FAE04EC0-301F-11D3-BF4B-00C04F79EFBC}") = "Debug101X", "Debug101X\Debug101X.csproj", "{26AB93FF-6434-4D6C-A556-1A538BEE9E4E}"
EndProject
Project("{FAE04EC0-301F-11D3-BF4B-00C04F79EFBC}") = "Debug102X", "Debug102X\Debug102X.csproj", "{EDE44E23-4C8D-4BA2-9736-4337E0082AE6}"
EndProject
Project("{FAE04EC0-301F-11D3-BF4B-00C04F79EFBC}") = "Debug103X", "Debug103X\Debug103X.csproj", "{E7E818C0-98C5-414B-9AEB-DBDC196EA403}"
EndProject
Project("{FAE04EC0-301F-11D3-BF4B-00C04F79EFBC}") = "Debug104X", "Debug104X\Debug104X.csproj", "{9C29663F-BE07-471E-AE2A-E68598FED182}"
EndProject
Project("{FAE04EC0-301F-11D3-BF4B-00C04F79EFBC}") = "Debug105X", "Debug105X\Debug105X.csproj", "{ED4C775A-A719-41E6-A35F-0B4BD1EC0514}"
EndProject
Project("{FAE04EC0-301F-11D3-BF4B-00C04F79EFBC}") = "Exceptions101", "Exceptions101\Exceptions101.csproj", "{3EE85625-7927-48AC-9429-EA9CDC09DD51}"
EndProject
Project("{FAE04EC0-301F-11D3-BF4B-00C04F79EFBC}") = "Exceptions102", "Exceptions102\Exceptions102.csproj", "{CD61BBB8-68DF-4552-AF96-469155EFE764}"
EndProject
Project("{FAE04EC0-301F-11D3-BF4B-00C04F79EFBC}") = "Exceptions103", "Exceptions103\Exceptions103.csproj", "{5A631285-0CD9-4887-A1DB-CFB08751CEAF}"
EndProject
Project("{FAE04EC0-301F-11D3-BF4B-00C04F79EFBC}") = "Exceptions104", "Exceptions104\Exceptions104.csproj", "{6E9E6E9C-09D3-4C1F-9A79-A99748D2FDC4}"
EndProject
Project("{FAE04EC0-301F-11D3-BF4B-00C04F79EFBC}") = "Exceptions105", "Exceptions105\Exceptions105.csproj", "{33CD0E3A-A616-4930-A4C3-2C341113A230}"
EndProject
Project("{FAE04EC0-301F-11D3-BF4B-00C04F79EFBC}") = "Exceptions106", "Exceptions106\Exceptions106.csproj", "{81CD37F8-51C7-4B41-BC48-A56C37D60160}"
EndProject
Project("{FAE04EC0-301F-11D3-BF4B-00C04F79EFBC}") = "Exceptions107", "Exceptions107\Exceptions107.csproj", "{53BD4BF4-2409-4564-9290-40B48AE20EBF}"
EndProject
Project("{FAE04EC0-301F-11D3-BF4B-00C04F79EFBC}") = "Exceptions108", "Exceptions108\Exceptions108.csproj", "{C1E604B3-B2D3-47E2-9925-420DF656E224}"
EndProject
Project("{FAE04EC0-301F-11D3-BF4B-00C04F79EFBC}") = "Exceptions109", "Exceptions109\Exceptions109.csproj", "{9995B834-8731-4F5D-B502-D795CD8B46D5}"
EndProject
Project("{FAE04EC0-301F-11D3-BF4B-00C04F79EFBC}") = "Exceptions110", "Exceptions110\Exceptions110.csproj", "{6229DBFB-AF1E-4701-94C0-8B10D7B5799B}"
EndProject
Project("{FAE04EC0-301F-11D3-BF4B-00C04F79EFBC}") = "MakeChangeTest101", "MakeChangeTest101\MakeChangeTest101.csproj", "{3519C49E-C2CD-4864-BD42-182404D617D4}"
EndProject
Project("{FAE04EC0-301F-11D3-BF4B-00C04F79EFBC}") = "MakeChangeTest102", "MakeChangeTest102\MakeChangeTest102.csproj", "{2F4D163E-0EF8-4D2F-B463-A99273C526BC}"
EndProject
Global
	GlobalSection(SolutionConfigurationPlatforms) = preSolution
		Debug|Any CPU = Debug|Any CPU
		Release|Any CPU = Release|Any CPU
	EndGlobalSection
	GlobalSection(ProjectConfigurationPlatforms) = postSolution
		{B067D676-B58E-1A43-0CB3-64680958ABFA}.Debug|Any CPU.ActiveCfg = Debug|Any CPU
		{B067D676-B58E-1A43-0CB3-64680958ABFA}.Debug|Any CPU.Build.0 = Debug|Any CPU
		{B067D676-B58E-1A43-0CB3-64680958ABFA}.Release|Any CPU.ActiveCfg = Release|Any CPU
		{B067D676-B58E-1A43-0CB3-64680958ABFA}.Release|Any CPU.Build.0 = Release|Any CPU
		{0C89A87E-0C09-F310-B54A-B87CF708EAA7}.Debug|Any CPU.ActiveCfg = Debug|Any CPU
		{0C89A87E-0C09-F310-B54A-B87CF708EAA7}.Debug|Any CPU.Build.0 = Debug|Any CPU
		{0C89A87E-0C09-F310-B54A-B87CF708EAA7}.Release|Any CPU.ActiveCfg = Release|Any CPU
		{0C89A87E-0C09-F310-B54A-B87CF708EAA7}.Release|Any CPU.Build.0 = Release|Any CPU
		{26AB93FF-6434-4D6C-A556-1A538BEE9E4E}.Debug|Any CPU.ActiveCfg = Debug|Any CPU
		{26AB93FF-6434-4D6C-A556-1A538BEE9E4E}.Debug|Any CPU.Build.0 = Debug|Any CPU
		{26AB93FF-6434-4D6C-A556-1A538BEE9E4E}.Release|Any CPU.ActiveCfg = Release|Any CPU
		{26AB93FF-6434-4D6C-A556-1A538BEE9E4E}.Release|Any CPU.Build.0 = Release|Any CPU
		{EDE44E23-4C8D-4BA2-9736-4337E0082AE6}.Debug|Any CPU.ActiveCfg = Debug|Any CPU
		{EDE44E23-4C8D-4BA2-9736-4337E0082AE6}.Debug|Any CPU.Build.0 = Debug|Any CPU
		{EDE44E23-4C8D-4BA2-9736-4337E0082AE6}.Release|Any CPU.ActiveCfg = Release|Any CPU
		{EDE44E23-4C8D-4BA2-9736-4337E0082AE6}.Release|Any CPU.Build.0 = Release|Any CPU
		{E7E818C0-98C5-414B-9AEB-DBDC196EA403}.Debug|Any CPU.ActiveCfg = Debug|Any CPU
		{E7E818C0-98C5-414B-9AEB-DBDC196EA403}.Debug|Any CPU.Build.0 = Debug|Any CPU
		{E7E818C0-98C5-414B-9AEB-DBDC196EA403}.Release|Any CPU.ActiveCfg = Release|Any CPU
		{E7E818C0-98C5-414B-9AEB-DBDC196EA403}.Release|Any CPU.Build.0 = Release|Any CPU
		{9C29663F-BE07-471E-AE2A-E68598FED182}.Debug|Any CPU.ActiveCfg = Debug|Any CPU
		{9C29663F-BE07-471E-AE2A-E68598FED182}.Debug|Any CPU.Build.0 = Debug|Any CPU
		{9C29663F-BE07-471E-AE2A-E68598FED182}.Release|Any CPU.ActiveCfg = Release|Any CPU
		{9C29663F-BE07-471E-AE2A-E68598FED182}.Release|Any CPU.Build.0 = Release|Any CPU
		{ED4C775A-A719-41E6-A35F-0B4BD1EC0514}.Debug|Any CPU.ActiveCfg = Debug|Any CPU
		{ED4C775A-A719-41E6-A35F-0B4BD1EC0514}.Debug|Any CPU.Build.0 = Debug|Any CPU
		{ED4C775A-A719-41E6-A35F-0B4BD1EC0514}.Release|Any CPU.ActiveCfg = Release|Any CPU
		{ED4C775A-A719-41E6-A35F-0B4BD1EC0514}.Release|Any CPU.Build.0 = Release|Any CPU
		{3EE85625-7927-48AC-9429-EA9CDC09DD51}.Debug|Any CPU.ActiveCfg = Debug|Any CPU
		{3EE85625-7927-48AC-9429-EA9CDC09DD51}.Debug|Any CPU.Build.0 = Debug|Any CPU
		{3EE85625-7927-48AC-9429-EA9CDC09DD51}.Release|Any CPU.ActiveCfg = Release|Any CPU
		{3EE85625-7927-48AC-9429-EA9CDC09DD51}.Release|Any CPU.Build.0 = Release|Any CPU
		{CD61BBB8-68DF-4552-AF96-469155EFE764}.Debug|Any CPU.ActiveCfg = Debug|Any CPU
		{CD61BBB8-68DF-4552-AF96-469155EFE764}.Debug|Any CPU.Build.0 = Debug|Any CPU
		{CD61BBB8-68DF-4552-AF96-469155EFE764}.Release|Any CPU.ActiveCfg = Release|Any CPU
		{CD61BBB8-68DF-4552-AF96-469155EFE764}.Release|Any CPU.Build.0 = Release|Any CPU
		{5A631285-0CD9-4887-A1DB-CFB08751CEAF}.Debug|Any CPU.ActiveCfg = Debug|Any CPU
		{5A631285-0CD9-4887-A1DB-CFB08751CEAF}.Debug|Any CPU.Build.0 = Debug|Any CPU
		{5A631285-0CD9-4887-A1DB-CFB08751CEAF}.Release|Any CPU.ActiveCfg = Release|Any CPU
		{5A631285-0CD9-4887-A1DB-CFB08751CEAF}.Release|Any CPU.Build.0 = Release|Any CPU
		{6E9E6E9C-09D3-4C1F-9A79-A99748D2FDC4}.Debug|Any CPU.ActiveCfg = Debug|Any CPU
		{6E9E6E9C-09D3-4C1F-9A79-A99748D2FDC4}.Debug|Any CPU.Build.0 = Debug|Any CPU
		{6E9E6E9C-09D3-4C1F-9A79-A99748D2FDC4}.Release|Any CPU.ActiveCfg = Release|Any CPU
		{6E9E6E9C-09D3-4C1F-9A79-A99748D2FDC4}.Release|Any CPU.Build.0 = Release|Any CPU
		{33CD0E3A-A616-4930-A4C3-2C341113A230}.Debug|Any CPU.ActiveCfg = Debug|Any CPU
		{33CD0E3A-A616-4930-A4C3-2C341113A230}.Debug|Any CPU.Build.0 = Debug|Any CPU
		{33CD0E3A-A616-4930-A4C3-2C341113A230}.Release|Any CPU.ActiveCfg = Release|Any CPU
		{33CD0E3A-A616-4930-A4C3-2C341113A230}.Release|Any CPU.Build.0 = Release|Any CPU
		{81CD37F8-51C7-4B41-BC48-A56C37D60160}.Debug|Any CPU.ActiveCfg = Debug|Any CPU
		{81CD37F8-51C7-4B41-BC48-A56C37D60160}.Debug|Any CPU.Build.0 = Debug|Any CPU
		{81CD37F8-51C7-4B41-BC48-A56C37D60160}.Release|Any CPU.ActiveCfg = Release|Any CPU
		{81CD37F8-51C7-4B41-BC48-A56C37D60160}.Release|Any CPU.Build.0 = Release|Any CPU
		{53BD4BF4-2409-4564-9290-40B48AE20EBF}.Debug|Any CPU.ActiveCfg = Debug|Any CPU
		{53BD4BF4-2409-4564-9290-40B48AE20EBF}.Debug|Any CPU.Build.0 = Debug|Any CPU
		{53BD4BF4-2409-4564-9290-40B48AE20EBF}.Release|Any CPU.ActiveCfg = Release|Any CPU
		{53BD4BF4-2409-4564-9290-40B48AE20EBF}.Release|Any CPU.Build.0 = Release|Any CPU
		{C1E604B3-B2D3-47E2-9925-420DF656E224}.Debug|Any CPU.ActiveCfg = Debug|Any CPU
		{C1E604B3-B2D3-47E2-9925-420DF656E224}.Debug|Any CPU.Build.0 = Debug|Any CPU
		{C1E604B3-B2D3-47E2-9925-420DF656E224}.Release|Any CPU.ActiveCfg = Release|Any CPU
		{C1E604B3-B2D3-47E2-9925-420DF656E224}.Release|Any CPU.Build.0 = Release|Any CPU
		{9995B834-8731-4F5D-B502-D795CD8B46D5}.Debug|Any CPU.ActiveCfg = Debug|Any CPU
		{9995B834-8731-4F5D-B502-D795CD8B46D5}.Debug|Any CPU.Build.0 = Debug|Any CPU
		{9995B834-8731-4F5D-B502-D795CD8B46D5}.Release|Any CPU.ActiveCfg = Release|Any CPU
		{9995B834-8731-4F5D-B502-D795CD8B46D5}.Release|Any CPU.Build.0 = Release|Any CPU
		{6229DBFB-AF1E-4701-94C0-8B10D7B5799B}.Debug|Any CPU.ActiveCfg = Debug|Any CPU
		{6229DBFB-AF1E-4701-94C0-8B10D7B5799B}.Debug|Any CPU.Build.0 = Debug|Any CPU
		{6229DBFB-AF1E-4701-94C0-8B10D7B5799B}.Release|Any CPU.ActiveCfg = Release|Any CPU
		{6229DBFB-AF1E-4701-94C0-8B10D7B5799B}.Release|Any CPU.Build.0 = Release|Any CPU
		{3519C49E-C2CD-4864-BD42-182404D617D4}.Debug|Any CPU.ActiveCfg = Debug|Any CPU
		{3519C49E-C2CD-4864-BD42-182404D617D4}.Debug|Any CPU.Build.0 = Debug|Any CPU
		{3519C49E-C2CD-4864-BD42-182404D617D4}.Release|Any CPU.ActiveCfg = Release|Any CPU
		{3519C49E-C2CD-4864-BD42-182404D617D4}.Release|Any CPU.Build.0 = Release|Any CPU
		{2F4D163E-0EF8-4D2F-B463-A99273C526BC}.Debug|Any CPU.ActiveCfg = Debug|Any CPU
		{2F4D163E-0EF8-4D2F-B463-A99273C526BC}.Debug|Any CPU.Build.0 = Debug|Any CPU
		{2F4D163E-0EF8-4D2F-B463-A99273C526BC}.Release|Any CPU.ActiveCfg = Release|Any CPU
		{2F4D163E-0EF8-4D2F-B463-A99273C526BC}.Release|Any CPU.Build.0 = Release|Any CPU
	EndGlobalSection
	GlobalSection(SolutionProperties) = preSolution
		HideSolutionNode = FALSE
	EndGlobalSection
	GlobalSection(ExtensibilityGlobals) = postSolution
		SolutionGuid = {A3BC8513-B77A-4AA1-82CE-FCC6621286BF}
	EndGlobalSection
EndGlobal
