
Microsoft Visual Studio Solution File, Format Version 12.00
# Visual Studio Version 17
VisualStudioVersion = 17.5.2.0
MinimumVisualStudioVersion = 10.0.40219.1
Project("{FAE04EC0-301F-11D3-BF4B-00C04F79EFBC}") = "Debug101X", "Debug101X\Debug101X.csproj", "{26AB93FF-6434-4D6C-A556-1A538BEE9E4E}"
EndProject
Project("{FAE04EC0-301F-11D3-BF4B-00C04F79EFBC}") = "Debug102X", "Debug102X\Debug102X.csproj", "{EDE44E23-4C8D-4BA2-9736-4337E0082AE6}"
EndProject
Project("{FAE04EC0-301F-11D3-BF4B-00C04F79EFBC}") = "Debug103X", "Debug103X\Debug103X.csproj", "{E7E818C0-98C5-414B-9AEB-DBDC196EA403}"
EndProject
Project("{FAE04EC0-301F-11D3-BF4B-00C04F79EFBC}") = "Debug104X", "Debug104X\Debug104X.csproj", "{9C29663F-BE07-471E-AE2A-E68598FED182}"
EndProject
Project("{FAE04EC0-301F-11D3-BF4B-00C04F79EFBC}") = "Debug105X", "Debug105X\Debug105X.csproj", "{ED4C775A-A719-41E6-A35F-0B4BD1EC0514}"
EndProject
Project("{FAE04EC0-301F-11D3-BF4B-00C04F79EFBC}") = "Exceptions101", "Exceptions101\Exceptions101.csproj", "{3EE85625-7927-48AC-9429-EA9CDC09DD51}"
EndProject
Project("{FAE04EC0-301F-11D3-BF4B-00C04F79EFBC}") = "Exceptions102", "Exceptions102\Exceptions102.csproj", "{CD61BBB8-68DF-4552-AF96-469155EFE764}"
EndProject
Project("{FAE04EC0-301F-11D3-BF4B-00C04F79EFBC}") = "Exceptions103", "Exceptions103\Exceptions103.csproj", "{5A631285-0CD9-4887-A1DB-CFB08751CEAF}"
EndProject
Project("{FAE04EC0-301F-11D3-BF4B-00C04F79EFBC}") = "Exceptions104", "Exceptions104\Exceptions104.csproj", "{6E9E6E9C-09D3-4C1F-9A79-A99748D2FDC4}"
EndProject
Project("{FAE04EC0-301F-11D3-BF4B-00C04F79EFBC}") = "Exceptions105", "Exceptions105\Exceptions105.csproj", "{33CD0E3A-A616-4930-A4C3-2C341113A230}"
EndProject
Project("{FAE04EC0-301F-11D3-BF4B-00C04F79EFBC}") = "Exceptions106", "Exceptions106\Exceptions106.csproj", "{81CD37F8-51C7-4B41-BC48-A56C37D60160}"
EndProject
Project("{FAE04EC0-301F-11D3-BF4B-00C04F79EFBC}") = "Exceptions107", "Exceptions107\Exceptions107.csproj", "{53BD4BF4-2409-4564-9290-40B48AE20EBF}"
EndProject
Project("{FAE04EC0-301F-11D3-BF4B-00C04F79EFBC}") = "Exceptions108", "Exceptions108\Exceptions108.csproj", "{C1E604B3-B2D3-47E2-9925-420DF656E224}"
EndProject
Project("{FAE04EC0-301F-11D3-BF4B-00C04F79EFBC}") = "Exceptions109", "Exceptions109\Exceptions109.csproj", "{9995B834-8731-4F5D-B502-D795CD8B46D5}"
EndProject
Project("{FAE04EC0-301F-11D3-BF4B-00C04F79EFBC}") = "Exceptions110", "Exceptions110\Exceptions110.csproj", "{6229DBFB-AF1E-4701-94C0-8B10D7B5799B}"
EndProject
Project("{FAE04EC0-301F-11D3-BF4B-00C04F79EFBC}") = "MakeChangeTest101", "MakeChangeTest101\MakeChangeTest101.csproj", "{3519C49E-C2CD-4864-BD42-182404D617D4}"
EndProject
Project("{FAE04EC0-301F-11D3-BF4B-00C04F79EFBC}") = "MakeChangeTest102", "MakeChangeTest102\MakeChangeTest102.csproj", "{2F4D163E-0EF8-4D2F-B463-A99273C526BC}"
EndProject
Project("{FAE04EC0-301F-11D3-BF4B-00C04F79EFBC}") = "MakeChangeTest103", "MakeChangeTest103\MakeChangeTest103.csproj", "{81FF8349-A1F2-4203-9332-486BBA884EBB}"
EndProject
Project("{FAE04EC0-301F-11D3-BF4B-00C04F79EFBC}") = "ProcessFile", "ProcessFile\ProcessFile.csproj", "{C9355628-DF7F-46FD-AD23-E72911B02E53}"
EndProject
Project("{FAE04EC0-301F-11D3-BF4B-00C04F79EFBC}") = "PromEmployee", "PromEmployee\PromEmployee.csproj", "{5C5E692B-8126-460A-A718-F78E65A846D8}"
EndProject
Project("{FAE04EC0-301F-11D3-BF4B-00C04F79EFBC}") = "Collections101", "Collections101\Collections101.csproj", "{2B05EB21-A9D7-45F8-9F21-0FEA1A0B81E5}"
EndProject
Project("{FAE04EC0-301F-11D3-BF4B-00C04F79EFBC}") = "Collections102", "Collections102\Collections102.csproj", "{ECEEC62B-F72A-43AB-92D9-DC63A04FD7B3}"
EndProject
Project("{FAE04EC0-301F-11D3-BF4B-00C04F79EFBC}") = "Collections103", "Collections103\Collections103.csproj", "{B2C70545-3B37-4F57-BAA9-2C569A4A2842}"
EndProject
Project("{FAE04EC0-301F-11D3-BF4B-00C04F79EFBC}") = "Collections104", "Collections104\Collections104.csproj", "{7AA882C7-7D69-4329-9946-C0AA6C32E1F4}"
EndProject
Project("{FAE04EC0-301F-11D3-BF4B-00C04F79EFBC}") = "EnumStructRecords101", "EnumStructRecords101\EnumStructRecords101.csproj", "{D969CE06-E14F-4607-8B60-4DBC810F760C}"
EndProject
Project("{FAE04EC0-301F-11D3-BF4B-00C04F79EFBC}") = "EnumStructRecords102", "EnumStructRecords102\EnumStructRecords102.csproj", "{921976E1-F05E-4204-9ED5-D39784EF83E0}"
EndProject
Project("{FAE04EC0-301F-11D3-BF4B-00C04F79EFBC}") = "EnumStructRecords103", "EnumStructRecords103\EnumStructRecords103.csproj", "{470B1D26-FABD-499E-8197-88E10D2F539C}"
EndProject
Project("{FAE04EC0-301F-11D3-BF4B-00C04F79EFBC}") = "EnumStructRecords104", "EnumStructRecords104\EnumStructRecords104.csproj", "{E4A8FC11-2654-43C6-9BAD-901A871BF60D}"
EndProject
Project("{FAE04EC0-301F-11D3-BF4B-00C04F79EFBC}") = "EnumStructRecords105", "EnumStructRecords105\EnumStructRecords105.csproj", "{5F811470-592E-416E-A3B8-A5CB1C592322}"
EndProject
Project("{FAE04EC0-301F-11D3-BF4B-00C04F79EFBC}") = "GenericsAnonymous101", "GenericsAnonymous101\GenericsAnonymous101.csproj", "{645656B8-2EAD-4D62-8D10-A1C3740D2CA9}"
EndProject
Project("{FAE04EC0-301F-11D3-BF4B-00C04F79EFBC}") = "GenericsAnonymous102", "GenericsAnonymous102\GenericsAnonymous102.csproj", "{2885CA86-C932-4045-9692-9B6A28371617}"
EndProject
Global
	GlobalSection(SolutionConfigurationPlatforms) = preSolution
		Debug|Any CPU = Debug|Any CPU
		Debug|x64 = Debug|x64
		Debug|x86 = Debug|x86
		Release|Any CPU = Release|Any CPU
		Release|x64 = Release|x64
		Release|x86 = Release|x86
	EndGlobalSection
	GlobalSection(ProjectConfigurationPlatforms) = postSolution
		{26AB93FF-6434-4D6C-A556-1A538BEE9E4E}.Debug|Any CPU.ActiveCfg = Debug|Any CPU
		{26AB93FF-6434-4D6C-A556-1A538BEE9E4E}.Debug|Any CPU.Build.0 = Debug|Any CPU
		{26AB93FF-6434-4D6C-A556-1A538BEE9E4E}.Debug|x64.ActiveCfg = Debug|Any CPU
		{26AB93FF-6434-4D6C-A556-1A538BEE9E4E}.Debug|x64.Build.0 = Debug|Any CPU
		{26AB93FF-6434-4D6C-A556-1A538BEE9E4E}.Debug|x86.ActiveCfg = Debug|Any CPU
		{26AB93FF-6434-4D6C-A556-1A538BEE9E4E}.Debug|x86.Build.0 = Debug|Any CPU
		{26AB93FF-6434-4D6C-A556-1A538BEE9E4E}.Release|Any CPU.ActiveCfg = Release|Any CPU
		{26AB93FF-6434-4D6C-A556-1A538BEE9E4E}.Release|Any CPU.Build.0 = Release|Any CPU
		{26AB93FF-6434-4D6C-A556-1A538BEE9E4E}.Release|x64.ActiveCfg = Release|Any CPU
		{26AB93FF-6434-4D6C-A556-1A538BEE9E4E}.Release|x64.Build.0 = Release|Any CPU
		{26AB93FF-6434-4D6C-A556-1A538BEE9E4E}.Release|x86.ActiveCfg = Release|Any CPU
		{26AB93FF-6434-4D6C-A556-1A538BEE9E4E}.Release|x86.Build.0 = Release|Any CPU
		{EDE44E23-4C8D-4BA2-9736-4337E0082AE6}.Debug|Any CPU.ActiveCfg = Debug|Any CPU
		{EDE44E23-4C8D-4BA2-9736-4337E0082AE6}.Debug|Any CPU.Build.0 = Debug|Any CPU
		{EDE44E23-4C8D-4BA2-9736-4337E0082AE6}.Debug|x64.ActiveCfg = Debug|Any CPU
		{EDE44E23-4C8D-4BA2-9736-4337E0082AE6}.Debug|x64.Build.0 = Debug|Any CPU
		{EDE44E23-4C8D-4BA2-9736-4337E0082AE6}.Debug|x86.ActiveCfg = Debug|Any CPU
		{EDE44E23-4C8D-4BA2-9736-4337E0082AE6}.Debug|x86.Build.0 = Debug|Any CPU
		{EDE44E23-4C8D-4BA2-9736-4337E0082AE6}.Release|Any CPU.ActiveCfg = Release|Any CPU
		{EDE44E23-4C8D-4BA2-9736-4337E0082AE6}.Release|Any CPU.Build.0 = Release|Any CPU
		{EDE44E23-4C8D-4BA2-9736-4337E0082AE6}.Release|x64.ActiveCfg = Release|Any CPU
		{EDE44E23-4C8D-4BA2-9736-4337E0082AE6}.Release|x64.Build.0 = Release|Any CPU
		{EDE44E23-4C8D-4BA2-9736-4337E0082AE6}.Release|x86.ActiveCfg = Release|Any CPU
		{EDE44E23-4C8D-4BA2-9736-4337E0082AE6}.Release|x86.Build.0 = Release|Any CPU
		{E7E818C0-98C5-414B-9AEB-DBDC196EA403}.Debug|Any CPU.ActiveCfg = Debug|Any CPU
		{E7E818C0-98C5-414B-9AEB-DBDC196EA403}.Debug|Any CPU.Build.0 = Debug|Any CPU
		{E7E818C0-98C5-414B-9AEB-DBDC196EA403}.Debug|x64.ActiveCfg = Debug|Any CPU
		{E7E818C0-98C5-414B-9AEB-DBDC196EA403}.Debug|x64.Build.0 = Debug|Any CPU
		{E7E818C0-98C5-414B-9AEB-DBDC196EA403}.Debug|x86.ActiveCfg = Debug|Any CPU
		{E7E818C0-98C5-414B-9AEB-DBDC196EA403}.Debug|x86.Build.0 = Debug|Any CPU
		{E7E818C0-98C5-414B-9AEB-DBDC196EA403}.Release|Any CPU.ActiveCfg = Release|Any CPU
		{E7E818C0-98C5-414B-9AEB-DBDC196EA403}.Release|Any CPU.Build.0 = Release|Any CPU
		{E7E818C0-98C5-414B-9AEB-DBDC196EA403}.Release|x64.ActiveCfg = Release|Any CPU
		{E7E818C0-98C5-414B-9AEB-DBDC196EA403}.Release|x64.Build.0 = Release|Any CPU
		{E7E818C0-98C5-414B-9AEB-DBDC196EA403}.Release|x86.ActiveCfg = Release|Any CPU
		{E7E818C0-98C5-414B-9AEB-DBDC196EA403}.Release|x86.Build.0 = Release|Any CPU
		{9C29663F-BE07-471E-AE2A-E68598FED182}.Debug|Any CPU.ActiveCfg = Debug|Any CPU
		{9C29663F-BE07-471E-AE2A-E68598FED182}.Debug|Any CPU.Build.0 = Debug|Any CPU
		{9C29663F-BE07-471E-AE2A-E68598FED182}.Debug|x64.ActiveCfg = Debug|Any CPU
		{9C29663F-BE07-471E-AE2A-E68598FED182}.Debug|x64.Build.0 = Debug|Any CPU
		{9C29663F-BE07-471E-AE2A-E68598FED182}.Debug|x86.ActiveCfg = Debug|Any CPU
		{9C29663F-BE07-471E-AE2A-E68598FED182}.Debug|x86.Build.0 = Debug|Any CPU
		{9C29663F-BE07-471E-AE2A-E68598FED182}.Release|Any CPU.ActiveCfg = Release|Any CPU
		{9C29663F-BE07-471E-AE2A-E68598FED182}.Release|Any CPU.Build.0 = Release|Any CPU
		{9C29663F-BE07-471E-AE2A-E68598FED182}.Release|x64.ActiveCfg = Release|Any CPU
		{9C29663F-BE07-471E-AE2A-E68598FED182}.Release|x64.Build.0 = Release|Any CPU
		{9C29663F-BE07-471E-AE2A-E68598FED182}.Release|x86.ActiveCfg = Release|Any CPU
		{9C29663F-BE07-471E-AE2A-E68598FED182}.Release|x86.Build.0 = Release|Any CPU
		{ED4C775A-A719-41E6-A35F-0B4BD1EC0514}.Debug|Any CPU.ActiveCfg = Debug|Any CPU
		{ED4C775A-A719-41E6-A35F-0B4BD1EC0514}.Debug|Any CPU.Build.0 = Debug|Any CPU
		{ED4C775A-A719-41E6-A35F-0B4BD1EC0514}.Debug|x64.ActiveCfg = Debug|Any CPU
		{ED4C775A-A719-41E6-A35F-0B4BD1EC0514}.Debug|x64.Build.0 = Debug|Any CPU
		{ED4C775A-A719-41E6-A35F-0B4BD1EC0514}.Debug|x86.ActiveCfg = Debug|Any CPU
		{ED4C775A-A719-41E6-A35F-0B4BD1EC0514}.Debug|x86.Build.0 = Debug|Any CPU
		{ED4C775A-A719-41E6-A35F-0B4BD1EC0514}.Release|Any CPU.ActiveCfg = Release|Any CPU
		{ED4C775A-A719-41E6-A35F-0B4BD1EC0514}.Release|Any CPU.Build.0 = Release|Any CPU
		{ED4C775A-A719-41E6-A35F-0B4BD1EC0514}.Release|x64.ActiveCfg = Release|Any CPU
		{ED4C775A-A719-41E6-A35F-0B4BD1EC0514}.Release|x64.Build.0 = Release|Any CPU
		{ED4C775A-A719-41E6-A35F-0B4BD1EC0514}.Release|x86.ActiveCfg = Release|Any CPU
		{ED4C775A-A719-41E6-A35F-0B4BD1EC0514}.Release|x86.Build.0 = Release|Any CPU
		{3EE85625-7927-48AC-9429-EA9CDC09DD51}.Debug|Any CPU.ActiveCfg = Debug|Any CPU
		{3EE85625-7927-48AC-9429-EA9CDC09DD51}.Debug|Any CPU.Build.0 = Debug|Any CPU
		{3EE85625-7927-48AC-9429-EA9CDC09DD51}.Debug|x64.ActiveCfg = Debug|Any CPU
		{3EE85625-7927-48AC-9429-EA9CDC09DD51}.Debug|x64.Build.0 = Debug|Any CPU
		{3EE85625-7927-48AC-9429-EA9CDC09DD51}.Debug|x86.ActiveCfg = Debug|Any CPU
		{3EE85625-7927-48AC-9429-EA9CDC09DD51}.Debug|x86.Build.0 = Debug|Any CPU
		{3EE85625-7927-48AC-9429-EA9CDC09DD51}.Release|Any CPU.ActiveCfg = Release|Any CPU
		{3EE85625-7927-48AC-9429-EA9CDC09DD51}.Release|Any CPU.Build.0 = Release|Any CPU
		{3EE85625-7927-48AC-9429-EA9CDC09DD51}.Release|x64.ActiveCfg = Release|Any CPU
		{3EE85625-7927-48AC-9429-EA9CDC09DD51}.Release|x64.Build.0 = Release|Any CPU
		{3EE85625-7927-48AC-9429-EA9CDC09DD51}.Release|x86.ActiveCfg = Release|Any CPU
		{3EE85625-7927-48AC-9429-EA9CDC09DD51}.Release|x86.Build.0 = Release|Any CPU
		{CD61BBB8-68DF-4552-AF96-469155EFE764}.Debug|Any CPU.ActiveCfg = Debug|Any CPU
		{CD61BBB8-68DF-4552-AF96-469155EFE764}.Debug|Any CPU.Build.0 = Debug|Any CPU
		{CD61BBB8-68DF-4552-AF96-469155EFE764}.Debug|x64.ActiveCfg = Debug|Any CPU
		{CD61BBB8-68DF-4552-AF96-469155EFE764}.Debug|x64.Build.0 = Debug|Any CPU
		{CD61BBB8-68DF-4552-AF96-469155EFE764}.Debug|x86.ActiveCfg = Debug|Any CPU
		{CD61BBB8-68DF-4552-AF96-469155EFE764}.Debug|x86.Build.0 = Debug|Any CPU
		{CD61BBB8-68DF-4552-AF96-469155EFE764}.Release|Any CPU.ActiveCfg = Release|Any CPU
		{CD61BBB8-68DF-4552-AF96-469155EFE764}.Release|Any CPU.Build.0 = Release|Any CPU
		{CD61BBB8-68DF-4552-AF96-469155EFE764}.Release|x64.ActiveCfg = Release|Any CPU
		{CD61BBB8-68DF-4552-AF96-469155EFE764}.Release|x64.Build.0 = Release|Any CPU
		{CD61BBB8-68DF-4552-AF96-469155EFE764}.Release|x86.ActiveCfg = Release|Any CPU
		{CD61BBB8-68DF-4552-AF96-469155EFE764}.Release|x86.Build.0 = Release|Any CPU
		{5A631285-0CD9-4887-A1DB-CFB08751CEAF}.Debug|Any CPU.ActiveCfg = Debug|Any CPU
		{5A631285-0CD9-4887-A1DB-CFB08751CEAF}.Debug|Any CPU.Build.0 = Debug|Any CPU
		{5A631285-0CD9-4887-A1DB-CFB08751CEAF}.Debug|x64.ActiveCfg = Debug|Any CPU
		{5A631285-0CD9-4887-A1DB-CFB08751CEAF}.Debug|x64.Build.0 = Debug|Any CPU
		{5A631285-0CD9-4887-A1DB-CFB08751CEAF}.Debug|x86.ActiveCfg = Debug|Any CPU
		{5A631285-0CD9-4887-A1DB-CFB08751CEAF}.Debug|x86.Build.0 = Debug|Any CPU
		{5A631285-0CD9-4887-A1DB-CFB08751CEAF}.Release|Any CPU.ActiveCfg = Release|Any CPU
		{5A631285-0CD9-4887-A1DB-CFB08751CEAF}.Release|Any CPU.Build.0 = Release|Any CPU
		{5A631285-0CD9-4887-A1DB-CFB08751CEAF}.Release|x64.ActiveCfg = Release|Any CPU
		{5A631285-0CD9-4887-A1DB-CFB08751CEAF}.Release|x64.Build.0 = Release|Any CPU
		{5A631285-0CD9-4887-A1DB-CFB08751CEAF}.Release|x86.ActiveCfg = Release|Any CPU
		{5A631285-0CD9-4887-A1DB-CFB08751CEAF}.Release|x86.Build.0 = Release|Any CPU
		{6E9E6E9C-09D3-4C1F-9A79-A99748D2FDC4}.Debug|Any CPU.ActiveCfg = Debug|Any CPU
		{6E9E6E9C-09D3-4C1F-9A79-A99748D2FDC4}.Debug|Any CPU.Build.0 = Debug|Any CPU
		{6E9E6E9C-09D3-4C1F-9A79-A99748D2FDC4}.Debug|x64.ActiveCfg = Debug|Any CPU
		{6E9E6E9C-09D3-4C1F-9A79-A99748D2FDC4}.Debug|x64.Build.0 = Debug|Any CPU
		{6E9E6E9C-09D3-4C1F-9A79-A99748D2FDC4}.Debug|x86.ActiveCfg = Debug|Any CPU
		{6E9E6E9C-09D3-4C1F-9A79-A99748D2FDC4}.Debug|x86.Build.0 = Debug|Any CPU
		{6E9E6E9C-09D3-4C1F-9A79-A99748D2FDC4}.Release|Any CPU.ActiveCfg = Release|Any CPU
		{6E9E6E9C-09D3-4C1F-9A79-A99748D2FDC4}.Release|Any CPU.Build.0 = Release|Any CPU
		{6E9E6E9C-09D3-4C1F-9A79-A99748D2FDC4}.Release|x64.ActiveCfg = Release|Any CPU
		{6E9E6E9C-09D3-4C1F-9A79-A99748D2FDC4}.Release|x64.Build.0 = Release|Any CPU
		{6E9E6E9C-09D3-4C1F-9A79-A99748D2FDC4}.Release|x86.ActiveCfg = Release|Any CPU
		{6E9E6E9C-09D3-4C1F-9A79-A99748D2FDC4}.Release|x86.Build.0 = Release|Any CPU
		{33CD0E3A-A616-4930-A4C3-2C341113A230}.Debug|Any CPU.ActiveCfg = Debug|Any CPU
		{33CD0E3A-A616-4930-A4C3-2C341113A230}.Debug|Any CPU.Build.0 = Debug|Any CPU
		{33CD0E3A-A616-4930-A4C3-2C341113A230}.Debug|x64.ActiveCfg = Debug|Any CPU
		{33CD0E3A-A616-4930-A4C3-2C341113A230}.Debug|x64.Build.0 = Debug|Any CPU
		{33CD0E3A-A616-4930-A4C3-2C341113A230}.Debug|x86.ActiveCfg = Debug|Any CPU
		{33CD0E3A-A616-4930-A4C3-2C341113A230}.Debug|x86.Build.0 = Debug|Any CPU
		{33CD0E3A-A616-4930-A4C3-2C341113A230}.Release|Any CPU.ActiveCfg = Release|Any CPU
		{33CD0E3A-A616-4930-A4C3-2C341113A230}.Release|Any CPU.Build.0 = Release|Any CPU
		{33CD0E3A-A616-4930-A4C3-2C341113A230}.Release|x64.ActiveCfg = Release|Any CPU
		{33CD0E3A-A616-4930-A4C3-2C341113A230}.Release|x64.Build.0 = Release|Any CPU
		{33CD0E3A-A616-4930-A4C3-2C341113A230}.Release|x86.ActiveCfg = Release|Any CPU
		{33CD0E3A-A616-4930-A4C3-2C341113A230}.Release|x86.Build.0 = Release|Any CPU
		{81CD37F8-51C7-4B41-BC48-A56C37D60160}.Debug|Any CPU.ActiveCfg = Debug|Any CPU
		{81CD37F8-51C7-4B41-BC48-A56C37D60160}.Debug|Any CPU.Build.0 = Debug|Any CPU
		{81CD37F8-51C7-4B41-BC48-A56C37D60160}.Debug|x64.ActiveCfg = Debug|Any CPU
		{81CD37F8-51C7-4B41-BC48-A56C37D60160}.Debug|x64.Build.0 = Debug|Any CPU
		{81CD37F8-51C7-4B41-BC48-A56C37D60160}.Debug|x86.ActiveCfg = Debug|Any CPU
		{81CD37F8-51C7-4B41-BC48-A56C37D60160}.Debug|x86.Build.0 = Debug|Any CPU
		{81CD37F8-51C7-4B41-BC48-A56C37D60160}.Release|Any CPU.ActiveCfg = Release|Any CPU
		{81CD37F8-51C7-4B41-BC48-A56C37D60160}.Release|Any CPU.Build.0 = Release|Any CPU
		{81CD37F8-51C7-4B41-BC48-A56C37D60160}.Release|x64.ActiveCfg = Release|Any CPU
		{81CD37F8-51C7-4B41-BC48-A56C37D60160}.Release|x64.Build.0 = Release|Any CPU
		{81CD37F8-51C7-4B41-BC48-A56C37D60160}.Release|x86.ActiveCfg = Release|Any CPU
		{81CD37F8-51C7-4B41-BC48-A56C37D60160}.Release|x86.Build.0 = Release|Any CPU
		{53BD4BF4-2409-4564-9290-40B48AE20EBF}.Debug|Any CPU.ActiveCfg = Debug|Any CPU
		{53BD4BF4-2409-4564-9290-40B48AE20EBF}.Debug|Any CPU.Build.0 = Debug|Any CPU
		{53BD4BF4-2409-4564-9290-40B48AE20EBF}.Debug|x64.ActiveCfg = Debug|Any CPU
		{53BD4BF4-2409-4564-9290-40B48AE20EBF}.Debug|x64.Build.0 = Debug|Any CPU
		{53BD4BF4-2409-4564-9290-40B48AE20EBF}.Debug|x86.ActiveCfg = Debug|Any CPU
		{53BD4BF4-2409-4564-9290-40B48AE20EBF}.Debug|x86.Build.0 = Debug|Any CPU
		{53BD4BF4-2409-4564-9290-40B48AE20EBF}.Release|Any CPU.ActiveCfg = Release|Any CPU
		{53BD4BF4-2409-4564-9290-40B48AE20EBF}.Release|Any CPU.Build.0 = Release|Any CPU
		{53BD4BF4-2409-4564-9290-40B48AE20EBF}.Release|x64.ActiveCfg = Release|Any CPU
		{53BD4BF4-2409-4564-9290-40B48AE20EBF}.Release|x64.Build.0 = Release|Any CPU
		{53BD4BF4-2409-4564-9290-40B48AE20EBF}.Release|x86.ActiveCfg = Release|Any CPU
		{53BD4BF4-2409-4564-9290-40B48AE20EBF}.Release|x86.Build.0 = Release|Any CPU
		{C1E604B3-B2D3-47E2-9925-420DF656E224}.Debug|Any CPU.ActiveCfg = Debug|Any CPU
		{C1E604B3-B2D3-47E2-9925-420DF656E224}.Debug|Any CPU.Build.0 = Debug|Any CPU
		{C1E604B3-B2D3-47E2-9925-420DF656E224}.Debug|x64.ActiveCfg = Debug|Any CPU
		{C1E604B3-B2D3-47E2-9925-420DF656E224}.Debug|x64.Build.0 = Debug|Any CPU
		{C1E604B3-B2D3-47E2-9925-420DF656E224}.Debug|x86.ActiveCfg = Debug|Any CPU
		{C1E604B3-B2D3-47E2-9925-420DF656E224}.Debug|x86.Build.0 = Debug|Any CPU
		{C1E604B3-B2D3-47E2-9925-420DF656E224}.Release|Any CPU.ActiveCfg = Release|Any CPU
		{C1E604B3-B2D3-47E2-9925-420DF656E224}.Release|Any CPU.Build.0 = Release|Any CPU
		{C1E604B3-B2D3-47E2-9925-420DF656E224}.Release|x64.ActiveCfg = Release|Any CPU
		{C1E604B3-B2D3-47E2-9925-420DF656E224}.Release|x64.Build.0 = Release|Any CPU
		{C1E604B3-B2D3-47E2-9925-420DF656E224}.Release|x86.ActiveCfg = Release|Any CPU
		{C1E604B3-B2D3-47E2-9925-420DF656E224}.Release|x86.Build.0 = Release|Any CPU
		{9995B834-8731-4F5D-B502-D795CD8B46D5}.Debug|Any CPU.ActiveCfg = Debug|Any CPU
		{9995B834-8731-4F5D-B502-D795CD8B46D5}.Debug|Any CPU.Build.0 = Debug|Any CPU
		{9995B834-8731-4F5D-B502-D795CD8B46D5}.Debug|x64.ActiveCfg = Debug|Any CPU
		{9995B834-8731-4F5D-B502-D795CD8B46D5}.Debug|x64.Build.0 = Debug|Any CPU
		{9995B834-8731-4F5D-B502-D795CD8B46D5}.Debug|x86.ActiveCfg = Debug|Any CPU
		{9995B834-8731-4F5D-B502-D795CD8B46D5}.Debug|x86.Build.0 = Debug|Any CPU
		{9995B834-8731-4F5D-B502-D795CD8B46D5}.Release|Any CPU.ActiveCfg = Release|Any CPU
		{9995B834-8731-4F5D-B502-D795CD8B46D5}.Release|Any CPU.Build.0 = Release|Any CPU
		{9995B834-8731-4F5D-B502-D795CD8B46D5}.Release|x64.ActiveCfg = Release|Any CPU
		{9995B834-8731-4F5D-B502-D795CD8B46D5}.Release|x64.Build.0 = Release|Any CPU
		{9995B834-8731-4F5D-B502-D795CD8B46D5}.Release|x86.ActiveCfg = Release|Any CPU
		{9995B834-8731-4F5D-B502-D795CD8B46D5}.Release|x86.Build.0 = Release|Any CPU
		{6229DBFB-AF1E-4701-94C0-8B10D7B5799B}.Debug|Any CPU.ActiveCfg = Debug|Any CPU
		{6229DBFB-AF1E-4701-94C0-8B10D7B5799B}.Debug|Any CPU.Build.0 = Debug|Any CPU
		{6229DBFB-AF1E-4701-94C0-8B10D7B5799B}.Debug|x64.ActiveCfg = Debug|Any CPU
		{6229DBFB-AF1E-4701-94C0-8B10D7B5799B}.Debug|x64.Build.0 = Debug|Any CPU
		{6229DBFB-AF1E-4701-94C0-8B10D7B5799B}.Debug|x86.ActiveCfg = Debug|Any CPU
		{6229DBFB-AF1E-4701-94C0-8B10D7B5799B}.Debug|x86.Build.0 = Debug|Any CPU
		{6229DBFB-AF1E-4701-94C0-8B10D7B5799B}.Release|Any CPU.ActiveCfg = Release|Any CPU
		{6229DBFB-AF1E-4701-94C0-8B10D7B5799B}.Release|Any CPU.Build.0 = Release|Any CPU
		{6229DBFB-AF1E-4701-94C0-8B10D7B5799B}.Release|x64.ActiveCfg = Release|Any CPU
		{6229DBFB-AF1E-4701-94C0-8B10D7B5799B}.Release|x64.Build.0 = Release|Any CPU
		{6229DBFB-AF1E-4701-94C0-8B10D7B5799B}.Release|x86.ActiveCfg = Release|Any CPU
		{6229DBFB-AF1E-4701-94C0-8B10D7B5799B}.Release|x86.Build.0 = Release|Any CPU
		{3519C49E-C2CD-4864-BD42-182404D617D4}.Debug|Any CPU.ActiveCfg = Debug|Any CPU
		{3519C49E-C2CD-4864-BD42-182404D617D4}.Debug|Any CPU.Build.0 = Debug|Any CPU
		{3519C49E-C2CD-4864-BD42-182404D617D4}.Debug|x64.ActiveCfg = Debug|Any CPU
		{3519C49E-C2CD-4864-BD42-182404D617D4}.Debug|x64.Build.0 = Debug|Any CPU
		{3519C49E-C2CD-4864-BD42-182404D617D4}.Debug|x86.ActiveCfg = Debug|Any CPU
		{3519C49E-C2CD-4864-BD42-182404D617D4}.Debug|x86.Build.0 = Debug|Any CPU
		{3519C49E-C2CD-4864-BD42-182404D617D4}.Release|Any CPU.ActiveCfg = Release|Any CPU
		{3519C49E-C2CD-4864-BD42-182404D617D4}.Release|Any CPU.Build.0 = Release|Any CPU
		{3519C49E-C2CD-4864-BD42-182404D617D4}.Release|x64.ActiveCfg = Release|Any CPU
		{3519C49E-C2CD-4864-BD42-182404D617D4}.Release|x64.Build.0 = Release|Any CPU
		{3519C49E-C2CD-4864-BD42-182404D617D4}.Release|x86.ActiveCfg = Release|Any CPU
		{3519C49E-C2CD-4864-BD42-182404D617D4}.Release|x86.Build.0 = Release|Any CPU
		{2F4D163E-0EF8-4D2F-B463-A99273C526BC}.Debug|Any CPU.ActiveCfg = Debug|Any CPU
		{2F4D163E-0EF8-4D2F-B463-A99273C526BC}.Debug|Any CPU.Build.0 = Debug|Any CPU
		{2F4D163E-0EF8-4D2F-B463-A99273C526BC}.Debug|x64.ActiveCfg = Debug|Any CPU
		{2F4D163E-0EF8-4D2F-B463-A99273C526BC}.Debug|x64.Build.0 = Debug|Any CPU
		{2F4D163E-0EF8-4D2F-B463-A99273C526BC}.Debug|x86.ActiveCfg = Debug|Any CPU
		{2F4D163E-0EF8-4D2F-B463-A99273C526BC}.Debug|x86.Build.0 = Debug|Any CPU
		{2F4D163E-0EF8-4D2F-B463-A99273C526BC}.Release|Any CPU.ActiveCfg = Release|Any CPU
		{2F4D163E-0EF8-4D2F-B463-A99273C526BC}.Release|Any CPU.Build.0 = Release|Any CPU
		{2F4D163E-0EF8-4D2F-B463-A99273C526BC}.Release|x64.ActiveCfg = Release|Any CPU
		{2F4D163E-0EF8-4D2F-B463-A99273C526BC}.Release|x64.Build.0 = Release|Any CPU
		{2F4D163E-0EF8-4D2F-B463-A99273C526BC}.Release|x86.ActiveCfg = Release|Any CPU
		{2F4D163E-0EF8-4D2F-B463-A99273C526BC}.Release|x86.Build.0 = Release|Any CPU
		{81FF8349-A1F2-4203-9332-486BBA884EBB}.Debug|Any CPU.ActiveCfg = Debug|Any CPU
		{81FF8349-A1F2-4203-9332-486BBA884EBB}.Debug|Any CPU.Build.0 = Debug|Any CPU
		{81FF8349-A1F2-4203-9332-486BBA884EBB}.Debug|x64.ActiveCfg = Debug|Any CPU
		{81FF8349-A1F2-4203-9332-486BBA884EBB}.Debug|x64.Build.0 = Debug|Any CPU
		{81FF8349-A1F2-4203-9332-486BBA884EBB}.Debug|x86.ActiveCfg = Debug|Any CPU
		{81FF8349-A1F2-4203-9332-486BBA884EBB}.Debug|x86.Build.0 = Debug|Any CPU
		{81FF8349-A1F2-4203-9332-486BBA884EBB}.Release|Any CPU.ActiveCfg = Release|Any CPU
		{81FF8349-A1F2-4203-9332-486BBA884EBB}.Release|Any CPU.Build.0 = Release|Any CPU
		{81FF8349-A1F2-4203-9332-486BBA884EBB}.Release|x64.ActiveCfg = Release|Any CPU
		{81FF8349-A1F2-4203-9332-486BBA884EBB}.Release|x64.Build.0 = Release|Any CPU
		{81FF8349-A1F2-4203-9332-486BBA884EBB}.Release|x86.ActiveCfg = Release|Any CPU
		{81FF8349-A1F2-4203-9332-486BBA884EBB}.Release|x86.Build.0 = Release|Any CPU
		{C9355628-DF7F-46FD-AD23-E72911B02E53}.Debug|Any CPU.ActiveCfg = Debug|Any CPU
		{C9355628-DF7F-46FD-AD23-E72911B02E53}.Debug|Any CPU.Build.0 = Debug|Any CPU
		{C9355628-DF7F-46FD-AD23-E72911B02E53}.Debug|x64.ActiveCfg = Debug|Any CPU
		{C9355628-DF7F-46FD-AD23-E72911B02E53}.Debug|x64.Build.0 = Debug|Any CPU
		{C9355628-DF7F-46FD-AD23-E72911B02E53}.Debug|x86.ActiveCfg = Debug|Any CPU
		{C9355628-DF7F-46FD-AD23-E72911B02E53}.Debug|x86.Build.0 = Debug|Any CPU
		{C9355628-DF7F-46FD-AD23-E72911B02E53}.Release|Any CPU.ActiveCfg = Release|Any CPU
		{C9355628-DF7F-46FD-AD23-E72911B02E53}.Release|Any CPU.Build.0 = Release|Any CPU
		{C9355628-DF7F-46FD-AD23-E72911B02E53}.Release|x64.ActiveCfg = Release|Any CPU
		{C9355628-DF7F-46FD-AD23-E72911B02E53}.Release|x64.Build.0 = Release|Any CPU
		{C9355628-DF7F-46FD-AD23-E72911B02E53}.Release|x86.ActiveCfg = Release|Any CPU
		{C9355628-DF7F-46FD-AD23-E72911B02E53}.Release|x86.Build.0 = Release|Any CPU
		{5C5E692B-8126-460A-A718-F78E65A846D8}.Debug|Any CPU.ActiveCfg = Debug|Any CPU
		{5C5E692B-8126-460A-A718-F78E65A846D8}.Debug|Any CPU.Build.0 = Debug|Any CPU
		{5C5E692B-8126-460A-A718-F78E65A846D8}.Debug|x64.ActiveCfg = Debug|Any CPU
		{5C5E692B-8126-460A-A718-F78E65A846D8}.Debug|x64.Build.0 = Debug|Any CPU
		{5C5E692B-8126-460A-A718-F78E65A846D8}.Debug|x86.ActiveCfg = Debug|Any CPU
		{5C5E692B-8126-460A-A718-F78E65A846D8}.Debug|x86.Build.0 = Debug|Any CPU
		{5C5E692B-8126-460A-A718-F78E65A846D8}.Release|Any CPU.ActiveCfg = Release|Any CPU
		{5C5E692B-8126-460A-A718-F78E65A846D8}.Release|Any CPU.Build.0 = Release|Any CPU
		{5C5E692B-8126-460A-A718-F78E65A846D8}.Release|x64.ActiveCfg = Release|Any CPU
		{5C5E692B-8126-460A-A718-F78E65A846D8}.Release|x64.Build.0 = Release|Any CPU
		{5C5E692B-8126-460A-A718-F78E65A846D8}.Release|x86.ActiveCfg = Release|Any CPU
		{5C5E692B-8126-460A-A718-F78E65A846D8}.Release|x86.Build.0 = Release|Any CPU
		{2B05EB21-A9D7-45F8-9F21-0FEA1A0B81E5}.Debug|Any CPU.ActiveCfg = Debug|Any CPU
		{2B05EB21-A9D7-45F8-9F21-0FEA1A0B81E5}.Debug|Any CPU.Build.0 = Debug|Any CPU
		{2B05EB21-A9D7-45F8-9F21-0FEA1A0B81E5}.Debug|x64.ActiveCfg = Debug|Any CPU
		{2B05EB21-A9D7-45F8-9F21-0FEA1A0B81E5}.Debug|x64.Build.0 = Debug|Any CPU
		{2B05EB21-A9D7-45F8-9F21-0FEA1A0B81E5}.Debug|x86.ActiveCfg = Debug|Any CPU
		{2B05EB21-A9D7-45F8-9F21-0FEA1A0B81E5}.Debug|x86.Build.0 = Debug|Any CPU
		{2B05EB21-A9D7-45F8-9F21-0FEA1A0B81E5}.Release|Any CPU.ActiveCfg = Release|Any CPU
		{2B05EB21-A9D7-45F8-9F21-0FEA1A0B81E5}.Release|Any CPU.Build.0 = Release|Any CPU
		{2B05EB21-A9D7-45F8-9F21-0FEA1A0B81E5}.Release|x64.ActiveCfg = Release|Any CPU
		{2B05EB21-A9D7-45F8-9F21-0FEA1A0B81E5}.Release|x64.Build.0 = Release|Any CPU
		{2B05EB21-A9D7-45F8-9F21-0FEA1A0B81E5}.Release|x86.ActiveCfg = Release|Any CPU
		{2B05EB21-A9D7-45F8-9F21-0FEA1A0B81E5}.Release|x86.Build.0 = Release|Any CPU
		{ECEEC62B-F72A-43AB-92D9-DC63A04FD7B3}.Debug|Any CPU.ActiveCfg = Debug|Any CPU
		{ECEEC62B-F72A-43AB-92D9-DC63A04FD7B3}.Debug|Any CPU.Build.0 = Debug|Any CPU
		{ECEEC62B-F72A-43AB-92D9-DC63A04FD7B3}.Debug|x64.ActiveCfg = Debug|Any CPU
		{ECEEC62B-F72A-43AB-92D9-DC63A04FD7B3}.Debug|x64.Build.0 = Debug|Any CPU
		{ECEEC62B-F72A-43AB-92D9-DC63A04FD7B3}.Debug|x86.ActiveCfg = Debug|Any CPU
		{ECEEC62B-F72A-43AB-92D9-DC63A04FD7B3}.Debug|x86.Build.0 = Debug|Any CPU
		{ECEEC62B-F72A-43AB-92D9-DC63A04FD7B3}.Release|Any CPU.ActiveCfg = Release|Any CPU
		{ECEEC62B-F72A-43AB-92D9-DC63A04FD7B3}.Release|Any CPU.Build.0 = Release|Any CPU
		{ECEEC62B-F72A-43AB-92D9-DC63A04FD7B3}.Release|x64.ActiveCfg = Release|Any CPU
		{ECEEC62B-F72A-43AB-92D9-DC63A04FD7B3}.Release|x64.Build.0 = Release|Any CPU
		{ECEEC62B-F72A-43AB-92D9-DC63A04FD7B3}.Release|x86.ActiveCfg = Release|Any CPU
		{ECEEC62B-F72A-43AB-92D9-DC63A04FD7B3}.Release|x86.Build.0 = Release|Any CPU
		{B2C70545-3B37-4F57-BAA9-2C569A4A2842}.Debug|Any CPU.ActiveCfg = Debug|Any CPU
		{B2C70545-3B37-4F57-BAA9-2C569A4A2842}.Debug|Any CPU.Build.0 = Debug|Any CPU
		{B2C70545-3B37-4F57-BAA9-2C569A4A2842}.Debug|x64.ActiveCfg = Debug|Any CPU
		{B2C70545-3B37-4F57-BAA9-2C569A4A2842}.Debug|x64.Build.0 = Debug|Any CPU
		{B2C70545-3B37-4F57-BAA9-2C569A4A2842}.Debug|x86.ActiveCfg = Debug|Any CPU
		{B2C70545-3B37-4F57-BAA9-2C569A4A2842}.Debug|x86.Build.0 = Debug|Any CPU
		{B2C70545-3B37-4F57-BAA9-2C569A4A2842}.Release|Any CPU.ActiveCfg = Release|Any CPU
		{B2C70545-3B37-4F57-BAA9-2C569A4A2842}.Release|Any CPU.Build.0 = Release|Any CPU
		{B2C70545-3B37-4F57-BAA9-2C569A4A2842}.Release|x64.ActiveCfg = Release|Any CPU
		{B2C70545-3B37-4F57-BAA9-2C569A4A2842}.Release|x64.Build.0 = Release|Any CPU
		{B2C70545-3B37-4F57-BAA9-2C569A4A2842}.Release|x86.ActiveCfg = Release|Any CPU
		{B2C70545-3B37-4F57-BAA9-2C569A4A2842}.Release|x86.Build.0 = Release|Any CPU
		{7AA882C7-7D69-4329-9946-C0AA6C32E1F4}.Debug|Any CPU.ActiveCfg = Debug|Any CPU
		{7AA882C7-7D69-4329-9946-C0AA6C32E1F4}.Debug|Any CPU.Build.0 = Debug|Any CPU
		{7AA882C7-7D69-4329-9946-C0AA6C32E1F4}.Debug|x64.ActiveCfg = Debug|Any CPU
		{7AA882C7-7D69-4329-9946-C0AA6C32E1F4}.Debug|x64.Build.0 = Debug|Any CPU
		{7AA882C7-7D69-4329-9946-C0AA6C32E1F4}.Debug|x86.ActiveCfg = Debug|Any CPU
		{7AA882C7-7D69-4329-9946-C0AA6C32E1F4}.Debug|x86.Build.0 = Debug|Any CPU
		{7AA882C7-7D69-4329-9946-C0AA6C32E1F4}.Release|Any CPU.ActiveCfg = Release|Any CPU
		{7AA882C7-7D69-4329-9946-C0AA6C32E1F4}.Release|Any CPU.Build.0 = Release|Any CPU
		{7AA882C7-7D69-4329-9946-C0AA6C32E1F4}.Release|x64.ActiveCfg = Release|Any CPU
		{7AA882C7-7D69-4329-9946-C0AA6C32E1F4}.Release|x64.Build.0 = Release|Any CPU
		{7AA882C7-7D69-4329-9946-C0AA6C32E1F4}.Release|x86.ActiveCfg = Release|Any CPU
		{7AA882C7-7D69-4329-9946-C0AA6C32E1F4}.Release|x86.Build.0 = Release|Any CPU
		{D969CE06-E14F-4607-8B60-4DBC810F760C}.Debug|Any CPU.ActiveCfg = Debug|Any CPU
		{D969CE06-E14F-4607-8B60-4DBC810F760C}.Debug|Any CPU.Build.0 = Debug|Any CPU
		{D969CE06-E14F-4607-8B60-4DBC810F760C}.Debug|x64.ActiveCfg = Debug|Any CPU
		{D969CE06-E14F-4607-8B60-4DBC810F760C}.Debug|x64.Build.0 = Debug|Any CPU
		{D969CE06-E14F-4607-8B60-4DBC810F760C}.Debug|x86.ActiveCfg = Debug|Any CPU
		{D969CE06-E14F-4607-8B60-4DBC810F760C}.Debug|x86.Build.0 = Debug|Any CPU
		{D969CE06-E14F-4607-8B60-4DBC810F760C}.Release|Any CPU.ActiveCfg = Release|Any CPU
		{D969CE06-E14F-4607-8B60-4DBC810F760C}.Release|Any CPU.Build.0 = Release|Any CPU
		{D969CE06-E14F-4607-8B60-4DBC810F760C}.Release|x64.ActiveCfg = Release|Any CPU
		{D969CE06-E14F-4607-8B60-4DBC810F760C}.Release|x64.Build.0 = Release|Any CPU
		{D969CE06-E14F-4607-8B60-4DBC810F760C}.Release|x86.ActiveCfg = Release|Any CPU
		{D969CE06-E14F-4607-8B60-4DBC810F760C}.Release|x86.Build.0 = Release|Any CPU
		{921976E1-F05E-4204-9ED5-D39784EF83E0}.Debug|Any CPU.ActiveCfg = Debug|Any CPU
		{921976E1-F05E-4204-9ED5-D39784EF83E0}.Debug|Any CPU.Build.0 = Debug|Any CPU
		{921976E1-F05E-4204-9ED5-D39784EF83E0}.Debug|x64.ActiveCfg = Debug|Any CPU
		{921976E1-F05E-4204-9ED5-D39784EF83E0}.Debug|x64.Build.0 = Debug|Any CPU
		{921976E1-F05E-4204-9ED5-D39784EF83E0}.Debug|x86.ActiveCfg = Debug|Any CPU
		{921976E1-F05E-4204-9ED5-D39784EF83E0}.Debug|x86.Build.0 = Debug|Any CPU
		{921976E1-F05E-4204-9ED5-D39784EF83E0}.Release|Any CPU.ActiveCfg = Release|Any CPU
		{921976E1-F05E-4204-9ED5-D39784EF83E0}.Release|Any CPU.Build.0 = Release|Any CPU
		{921976E1-F05E-4204-9ED5-D39784EF83E0}.Release|x64.ActiveCfg = Release|Any CPU
		{921976E1-F05E-4204-9ED5-D39784EF83E0}.Release|x64.Build.0 = Release|Any CPU
		{921976E1-F05E-4204-9ED5-D39784EF83E0}.Release|x86.ActiveCfg = Release|Any CPU
		{921976E1-F05E-4204-9ED5-D39784EF83E0}.Release|x86.Build.0 = Release|Any CPU
		{470B1D26-FABD-499E-8197-88E10D2F539C}.Debug|Any CPU.ActiveCfg = Debug|Any CPU
		{470B1D26-FABD-499E-8197-88E10D2F539C}.Debug|Any CPU.Build.0 = Debug|Any CPU
		{470B1D26-FABD-499E-8197-88E10D2F539C}.Debug|x64.ActiveCfg = Debug|Any CPU
		{470B1D26-FABD-499E-8197-88E10D2F539C}.Debug|x64.Build.0 = Debug|Any CPU
		{470B1D26-FABD-499E-8197-88E10D2F539C}.Debug|x86.ActiveCfg = Debug|Any CPU
		{470B1D26-FABD-499E-8197-88E10D2F539C}.Debug|x86.Build.0 = Debug|Any CPU
		{470B1D26-FABD-499E-8197-88E10D2F539C}.Release|Any CPU.ActiveCfg = Release|Any CPU
		{470B1D26-FABD-499E-8197-88E10D2F539C}.Release|Any CPU.Build.0 = Release|Any CPU
		{470B1D26-FABD-499E-8197-88E10D2F539C}.Release|x64.ActiveCfg = Release|Any CPU
		{470B1D26-FABD-499E-8197-88E10D2F539C}.Release|x64.Build.0 = Release|Any CPU
		{470B1D26-FABD-499E-8197-88E10D2F539C}.Release|x86.ActiveCfg = Release|Any CPU
		{470B1D26-FABD-499E-8197-88E10D2F539C}.Release|x86.Build.0 = Release|Any CPU
		{E4A8FC11-2654-43C6-9BAD-901A871BF60D}.Debug|Any CPU.ActiveCfg = Debug|Any CPU
		{E4A8FC11-2654-43C6-9BAD-901A871BF60D}.Debug|Any CPU.Build.0 = Debug|Any CPU
		{E4A8FC11-2654-43C6-9BAD-901A871BF60D}.Debug|x64.ActiveCfg = Debug|Any CPU
		{E4A8FC11-2654-43C6-9BAD-901A871BF60D}.Debug|x64.Build.0 = Debug|Any CPU
		{E4A8FC11-2654-43C6-9BAD-901A871BF60D}.Debug|x86.ActiveCfg = Debug|Any CPU
		{E4A8FC11-2654-43C6-9BAD-901A871BF60D}.Debug|x86.Build.0 = Debug|Any CPU
		{E4A8FC11-2654-43C6-9BAD-901A871BF60D}.Release|Any CPU.ActiveCfg = Release|Any CPU
		{E4A8FC11-2654-43C6-9BAD-901A871BF60D}.Release|Any CPU.Build.0 = Release|Any CPU
		{E4A8FC11-2654-43C6-9BAD-901A871BF60D}.Release|x64.ActiveCfg = Release|Any CPU
		{E4A8FC11-2654-43C6-9BAD-901A871BF60D}.Release|x64.Build.0 = Release|Any CPU
		{E4A8FC11-2654-43C6-9BAD-901A871BF60D}.Release|x86.ActiveCfg = Release|Any CPU
		{E4A8FC11-2654-43C6-9BAD-901A871BF60D}.Release|x86.Build.0 = Release|Any CPU
		{5F811470-592E-416E-A3B8-A5CB1C592322}.Debug|Any CPU.ActiveCfg = Debug|Any CPU
		{5F811470-592E-416E-A3B8-A5CB1C592322}.Debug|Any CPU.Build.0 = Debug|Any CPU
		{5F811470-592E-416E-A3B8-A5CB1C592322}.Debug|x64.ActiveCfg = Debug|Any CPU
		{5F811470-592E-416E-A3B8-A5CB1C592322}.Debug|x64.Build.0 = Debug|Any CPU
		{5F811470-592E-416E-A3B8-A5CB1C592322}.Debug|x86.ActiveCfg = Debug|Any CPU
		{5F811470-592E-416E-A3B8-A5CB1C592322}.Debug|x86.Build.0 = Debug|Any CPU
		{5F811470-592E-416E-A3B8-A5CB1C592322}.Release|Any CPU.ActiveCfg = Release|Any CPU
		{5F811470-592E-416E-A3B8-A5CB1C592322}.Release|Any CPU.Build.0 = Release|Any CPU
		{5F811470-592E-416E-A3B8-A5CB1C592322}.Release|x64.ActiveCfg = Release|Any CPU
		{5F811470-592E-416E-A3B8-A5CB1C592322}.Release|x64.Build.0 = Release|Any CPU
		{5F811470-592E-416E-A3B8-A5CB1C592322}.Release|x86.ActiveCfg = Release|Any CPU
		{5F811470-592E-416E-A3B8-A5CB1C592322}.Release|x86.Build.0 = Release|Any CPU
		{645656B8-2EAD-4D62-8D10-A1C3740D2CA9}.Debug|Any CPU.ActiveCfg = Debug|Any CPU
		{645656B8-2EAD-4D62-8D10-A1C3740D2CA9}.Debug|Any CPU.Build.0 = Debug|Any CPU
		{645656B8-2EAD-4D62-8D10-A1C3740D2CA9}.Debug|x64.ActiveCfg = Debug|Any CPU
		{645656B8-2EAD-4D62-8D10-A1C3740D2CA9}.Debug|x64.Build.0 = Debug|Any CPU
		{645656B8-2EAD-4D62-8D10-A1C3740D2CA9}.Debug|x86.ActiveCfg = Debug|Any CPU
		{645656B8-2EAD-4D62-8D10-A1C3740D2CA9}.Debug|x86.Build.0 = Debug|Any CPU
		{645656B8-2EAD-4D62-8D10-A1C3740D2CA9}.Release|Any CPU.ActiveCfg = Release|Any CPU
		{645656B8-2EAD-4D62-8D10-A1C3740D2CA9}.Release|Any CPU.Build.0 = Release|Any CPU
		{645656B8-2EAD-4D62-8D10-A1C3740D2CA9}.Release|x64.ActiveCfg = Release|Any CPU
		{645656B8-2EAD-4D62-8D10-A1C3740D2CA9}.Release|x64.Build.0 = Release|Any CPU
		{645656B8-2EAD-4D62-8D10-A1C3740D2CA9}.Release|x86.ActiveCfg = Release|Any CPU
		{645656B8-2EAD-4D62-8D10-A1C3740D2CA9}.Release|x86.Build.0 = Release|Any CPU
		{2885CA86-C932-4045-9692-9B6A28371617}.Debug|Any CPU.ActiveCfg = Debug|Any CPU
		{2885CA86-C932-4045-9692-9B6A28371617}.Debug|Any CPU.Build.0 = Debug|Any CPU
		{2885CA86-C932-4045-9692-9B6A28371617}.Debug|x64.ActiveCfg = Debug|Any CPU
		{2885CA86-C932-4045-9692-9B6A28371617}.Debug|x64.Build.0 = Debug|Any CPU
		{2885CA86-C932-4045-9692-9B6A28371617}.Debug|x86.ActiveCfg = Debug|Any CPU
		{2885CA86-C932-4045-9692-9B6A28371617}.Debug|x86.Build.0 = Debug|Any CPU
		{2885CA86-C932-4045-9692-9B6A28371617}.Release|Any CPU.ActiveCfg = Release|Any CPU
		{2885CA86-C932-4045-9692-9B6A28371617}.Release|Any CPU.Build.0 = Release|Any CPU
		{2885CA86-C932-4045-9692-9B6A28371617}.Release|x64.ActiveCfg = Release|Any CPU
		{2885CA86-C932-4045-9692-9B6A28371617}.Release|x64.Build.0 = Release|Any CPU
		{2885CA86-C932-4045-9692-9B6A28371617}.Release|x86.ActiveCfg = Release|Any CPU
		{2885CA86-C932-4045-9692-9B6A28371617}.Release|x86.Build.0 = Release|Any CPU
	EndGlobalSection
	GlobalSection(SolutionProperties) = preSolution
		HideSolutionNode = FALSE
	EndGlobalSection
	GlobalSection(ExtensibilityGlobals) = postSolution
		SolutionGuid = {A3BC8513-B77A-4AA1-82CE-FCC6621286BF}
	EndGlobalSection
EndGlobal
