
Microsoft Visual Studio Solution File, Format Version 12.00
# Visual Studio Version 17
VisualStudioVersion = 17.5.2.0
MinimumVisualStudioVersion = 10.0.40219.1
Project("{FAE04EC0-301F-11D3-BF4B-00C04F79EFBC}") = "TestProject", "TestProject\TestProject.csproj", "{C393C39E-434B-21C1-6C56-7AC4E694B8B1}"
EndProject
Project("{FAE04EC0-301F-11D3-BF4B-00C04F79EFBC}") = "RandomTest", "RandomTest\RandomTest.csproj", "{D928D7AC-FDCB-4986-90C9-3FEE724F8444}"
EndProject
Project("{FAE04EC0-301F-11D3-BF4B-00C04F79EFBC}") = "AnotherTest", "AnotherTest\AnotherTest.csproj", "{5C05000E-E380-4451-BB24-9B4AAA7723F3}"
EndProject
Project("{FAE04EC0-301F-11D3-BF4B-00C04F79EFBC}") = "RandomTest2", "RandomTest2\RandomTest2.csproj", "{9BF34A6E-30C6-4398-9D2B-672E0C87DD8E}"
EndProject
Project("{FAE04EC0-301F-11D3-BF4B-00C04F79EFBC}") = "RenewalRate", "RenewalRate\RenewalRate.csproj", "{326763C3-35D7-4CDF-B6E9-F1DCA6EEA063}"
EndProject
Project("{FAE04EC0-301F-11D3-BF4B-00C04F79EFBC}") = "RenewalRate2", "RenewalRate2\RenewalRate2.csproj", "{CC02B29E-7D7D-4B30-870B-6F424E42929B}"
EndProject
Project("{FAE04EC0-301F-11D3-BF4B-00C04F79EFBC}") = "TestProject2", "TestProject2\TestProject2.csproj", "{C9497FE7-B0D6-4554-9903-30715ABC4A13}"
EndProject
Project("{FAE04EC0-301F-11D3-BF4B-00C04F79EFBC}") = "Inventory", "Inventory\Inventory.csproj", "{C1F9D723-72D9-4D76-8282-FFB92BE677AC}"
EndProject
Project("{FAE04EC0-301F-11D3-BF4B-00C04F79EFBC}") = "Fraudulent", "Fraudulent\Fraudulent.csproj", "{26FE6462-8CFF-4C3F-8FF5-8793E1E85344}"
EndProject
Project("{FAE04EC0-301F-11D3-BF4B-00C04F79EFBC}") = "TestProject3", "TestProject3\TestProject3.csproj", "{62EE493B-8698-48F2-9218-5CF8E379B181}"
EndProject
Project("{FAE04EC0-301F-11D3-BF4B-00C04F79EFBC}") = "TestProject4", "TestProject4\TestProject4.csproj", "{9631779C-6B35-40B9-8922-6E02AE04B23E}"
EndProject
Project("{FAE04EC0-301F-11D3-BF4B-00C04F79EFBC}") = "ScoreProject", "ScoreProject\ScoreProject.csproj", "{F20EA655-B58D-4F6D-A942-88E2D8934EB7}"
EndProject
Global
	GlobalSection(SolutionConfigurationPlatforms) = preSolution
		Debug|Any CPU = Debug|Any CPU
		Release|Any CPU = Release|Any CPU
	EndGlobalSection
	GlobalSection(ProjectConfigurationPlatforms) = postSolution
		{C393C39E-434B-21C1-6C56-7AC4E694B8B1}.Debug|Any CPU.ActiveCfg = Debug|Any CPU
		{C393C39E-434B-21C1-6C56-7AC4E694B8B1}.Debug|Any CPU.Build.0 = Debug|Any CPU
		{C393C39E-434B-21C1-6C56-7AC4E694B8B1}.Release|Any CPU.ActiveCfg = Release|Any CPU
		{C393C39E-434B-21C1-6C56-7AC4E694B8B1}.Release|Any CPU.Build.0 = Release|Any CPU
		{D928D7AC-FDCB-4986-90C9-3FEE724F8444}.Debug|Any CPU.ActiveCfg = Debug|Any CPU
		{D928D7AC-FDCB-4986-90C9-3FEE724F8444}.Debug|Any CPU.Build.0 = Debug|Any CPU
		{D928D7AC-FDCB-4986-90C9-3FEE724F8444}.Release|Any CPU.ActiveCfg = Release|Any CPU
		{D928D7AC-FDCB-4986-90C9-3FEE724F8444}.Release|Any CPU.Build.0 = Release|Any CPU
		{5C05000E-E380-4451-BB24-9B4AAA7723F3}.Debug|Any CPU.ActiveCfg = Debug|Any CPU
		{5C05000E-E380-4451-BB24-9B4AAA7723F3}.Debug|Any CPU.Build.0 = Debug|Any CPU
		{5C05000E-E380-4451-BB24-9B4AAA7723F3}.Release|Any CPU.ActiveCfg = Release|Any CPU
		{5C05000E-E380-4451-BB24-9B4AAA7723F3}.Release|Any CPU.Build.0 = Release|Any CPU
		{9BF34A6E-30C6-4398-9D2B-672E0C87DD8E}.Debug|Any CPU.ActiveCfg = Debug|Any CPU
		{9BF34A6E-30C6-4398-9D2B-672E0C87DD8E}.Debug|Any CPU.Build.0 = Debug|Any CPU
		{9BF34A6E-30C6-4398-9D2B-672E0C87DD8E}.Release|Any CPU.ActiveCfg = Release|Any CPU
		{9BF34A6E-30C6-4398-9D2B-672E0C87DD8E}.Release|Any CPU.Build.0 = Release|Any CPU
		{326763C3-35D7-4CDF-B6E9-F1DCA6EEA063}.Debug|Any CPU.ActiveCfg = Debug|Any CPU
		{326763C3-35D7-4CDF-B6E9-F1DCA6EEA063}.Debug|Any CPU.Build.0 = Debug|Any CPU
		{326763C3-35D7-4CDF-B6E9-F1DCA6EEA063}.Release|Any CPU.ActiveCfg = Release|Any CPU
		{326763C3-35D7-4CDF-B6E9-F1DCA6EEA063}.Release|Any CPU.Build.0 = Release|Any CPU
		{CC02B29E-7D7D-4B30-870B-6F424E42929B}.Debug|Any CPU.ActiveCfg = Debug|Any CPU
		{CC02B29E-7D7D-4B30-870B-6F424E42929B}.Debug|Any CPU.Build.0 = Debug|Any CPU
		{CC02B29E-7D7D-4B30-870B-6F424E42929B}.Release|Any CPU.ActiveCfg = Release|Any CPU
		{CC02B29E-7D7D-4B30-870B-6F424E42929B}.Release|Any CPU.Build.0 = Release|Any CPU
		{C9497FE7-B0D6-4554-9903-30715ABC4A13}.Debug|Any CPU.ActiveCfg = Debug|Any CPU
		{C9497FE7-B0D6-4554-9903-30715ABC4A13}.Debug|Any CPU.Build.0 = Debug|Any CPU
		{C9497FE7-B0D6-4554-9903-30715ABC4A13}.Release|Any CPU.ActiveCfg = Release|Any CPU
		{C9497FE7-B0D6-4554-9903-30715ABC4A13}.Release|Any CPU.Build.0 = Release|Any CPU
		{C1F9D723-72D9-4D76-8282-FFB92BE677AC}.Debug|Any CPU.ActiveCfg = Debug|Any CPU
		{C1F9D723-72D9-4D76-8282-FFB92BE677AC}.Debug|Any CPU.Build.0 = Debug|Any CPU
		{C1F9D723-72D9-4D76-8282-FFB92BE677AC}.Release|Any CPU.ActiveCfg = Release|Any CPU
		{C1F9D723-72D9-4D76-8282-FFB92BE677AC}.Release|Any CPU.Build.0 = Release|Any CPU
		{26FE6462-8CFF-4C3F-8FF5-8793E1E85344}.Debug|Any CPU.ActiveCfg = Debug|Any CPU
		{26FE6462-8CFF-4C3F-8FF5-8793E1E85344}.Debug|Any CPU.Build.0 = Debug|Any CPU
		{26FE6462-8CFF-4C3F-8FF5-8793E1E85344}.Release|Any CPU.ActiveCfg = Release|Any CPU
		{26FE6462-8CFF-4C3F-8FF5-8793E1E85344}.Release|Any CPU.Build.0 = Release|Any CPU
		{62EE493B-8698-48F2-9218-5CF8E379B181}.Debug|Any CPU.ActiveCfg = Debug|Any CPU
		{62EE493B-8698-48F2-9218-5CF8E379B181}.Debug|Any CPU.Build.0 = Debug|Any CPU
		{62EE493B-8698-48F2-9218-5CF8E379B181}.Release|Any CPU.ActiveCfg = Release|Any CPU
		{62EE493B-8698-48F2-9218-5CF8E379B181}.Release|Any CPU.Build.0 = Release|Any CPU
		{9631779C-6B35-40B9-8922-6E02AE04B23E}.Debug|Any CPU.ActiveCfg = Debug|Any CPU
		{9631779C-6B35-40B9-8922-6E02AE04B23E}.Debug|Any CPU.Build.0 = Debug|Any CPU
		{9631779C-6B35-40B9-8922-6E02AE04B23E}.Release|Any CPU.ActiveCfg = Release|Any CPU
		{9631779C-6B35-40B9-8922-6E02AE04B23E}.Release|Any CPU.Build.0 = Release|Any CPU
		{F20EA655-B58D-4F6D-A942-88E2D8934EB7}.Debug|Any CPU.ActiveCfg = Debug|Any CPU
		{F20EA655-B58D-4F6D-A942-88E2D8934EB7}.Debug|Any CPU.Build.0 = Debug|Any CPU
		{F20EA655-B58D-4F6D-A942-88E2D8934EB7}.Release|Any CPU.ActiveCfg = Release|Any CPU
		{F20EA655-B58D-4F6D-A942-88E2D8934EB7}.Release|Any CPU.Build.0 = Release|Any CPU
	EndGlobalSection
	GlobalSection(SolutionProperties) = preSolution
		HideSolutionNode = FALSE
	EndGlobalSection
	GlobalSection(ExtensibilityGlobals) = postSolution
		SolutionGuid = {5B989B83-EC68-4371-ADF1-0AAC09C0FFFA}
	EndGlobalSection
EndGlobal
