
Microsoft Visual Studio Solution File, Format Version 12.00
# Visual Studio Version 17
VisualStudioVersion = 17.5.2.0
MinimumVisualStudioVersion = 10.0.40219.1
Project("{FAE04EC0-301F-11D3-BF4B-00C04F79EFBC}") = "TestProject", "TestProject\TestProject.csproj", "{C393C39E-434B-21C1-6C56-7AC4E694B8B1}"
EndProject
Project("{FAE04EC0-301F-11D3-BF4B-00C04F79EFBC}") = "RandomTest", "RandomTest\RandomTest.csproj", "{D928D7AC-FDCB-4986-90C9-3FEE724F8444}"
EndProject
Project("{FAE04EC0-301F-11D3-BF4B-00C04F79EFBC}") = "AnotherTest", "AnotherTest\AnotherTest.csproj", "{5C05000E-E380-4451-BB24-9B4AAA7723F3}"
EndProject
Project("{FAE04EC0-301F-11D3-BF4B-00C04F79EFBC}") = "RandomTest2", "RandomTest2\RandomTest2.csproj", "{9BF34A6E-30C6-4398-9D2B-672E0C87DD8E}"
EndProject
Project("{FAE04EC0-301F-11D3-BF4B-00C04F79EFBC}") = "RenewalRate", "RenewalRate\RenewalRate.csproj", "{326763C3-35D7-4CDF-B6E9-F1DCA6EEA063}"
EndProject
Project("{FAE04EC0-301F-11D3-BF4B-00C04F79EFBC}") = "RenewalRate2", "RenewalRate2\RenewalRate2.csproj", "{CC02B29E-7D7D-4B30-870B-6F424E42929B}"
EndProject
Project("{FAE04EC0-301F-11D3-BF4B-00C04F79EFBC}") = "TestProject2", "TestProject2\TestProject2.csproj", "{C9497FE7-B0D6-4554-9903-30715ABC4A13}"
EndProject
Project("{FAE04EC0-301F-11D3-BF4B-00C04F79EFBC}") = "Inventory", "Inventory\Inventory.csproj", "{C1F9D723-72D9-4D76-8282-FFB92BE677AC}"
EndProject
Project("{FAE04EC0-301F-11D3-BF4B-00C04F79EFBC}") = "Fraudulent", "Fraudulent\Fraudulent.csproj", "{26FE6462-8CFF-4C3F-8FF5-8793E1E85344}"
EndProject
Project("{FAE04EC0-301F-11D3-BF4B-00C04F79EFBC}") = "TestProject3", "TestProject3\TestProject3.csproj", "{62EE493B-8698-48F2-9218-5CF8E379B181}"
EndProject
Project("{FAE04EC0-301F-11D3-BF4B-00C04F79EFBC}") = "TestProject4", "TestProject4\TestProject4.csproj", "{9631779C-6B35-40B9-8922-6E02AE04B23E}"
EndProject
Project("{FAE04EC0-301F-11D3-BF4B-00C04F79EFBC}") = "ScoreProject", "ScoreProject\ScoreProject.csproj", "{F20EA655-B58D-4F6D-A942-88E2D8934EB7}"
EndProject
Project("{FAE04EC0-301F-11D3-BF4B-00C04F79EFBC}") = "ScoreProject2", "ScoreProject2\ScoreProject2.csproj", "{18F01ACA-4FF3-4BE7-9E19-C26EA95E59F0}"
EndProject
Project("{FAE04EC0-301F-11D3-BF4B-00C04F79EFBC}") = "ScoreProject3", "ScoreProject3\ScoreProject3.csproj", "{B8B7CD72-0844-4928-8EDA-BE31CB9C85DB}"
EndProject
Project("{FAE04EC0-301F-11D3-BF4B-00C04F79EFBC}") = "TestProject5", "TestProject5\TestProject5.csproj", "{E8F59F96-6DAC-41E8-97B0-46DFA17BE67C}"
EndProject
Project("{FAE04EC0-301F-11D3-BF4B-00C04F79EFBC}") = "TestProject6", "TestProject6\TestProject6.csproj", "{6D2479F6-FAA2-4A43-A4CB-0B66F8E848A2}"
EndProject
Project("{FAE04EC0-301F-11D3-BF4B-00C04F79EFBC}") = "RandomTest3", "RandomTest3\RandomTest3.csproj", "{5ABB5001-E199-454D-AABD-5B34AC276D35}"
EndProject
Project("{FAE04EC0-301F-11D3-BF4B-00C04F79EFBC}") = "AdminLevel", "AdminLevel\AdminLevel.csproj", "{7437E410-204D-48A5-B923-A74CA4C85384}"
EndProject
Project("{FAE04EC0-301F-11D3-BF4B-00C04F79EFBC}") = "TestProject7", "TestProject7\TestProject7.csproj", "{A4825249-DA56-4C13-8959-0FB0743EBC08}"
EndProject
Project("{FAE04EC0-301F-11D3-BF4B-00C04F79EFBC}") = "SwitchRewrite", "SwitchRewrite\SwitchRewrite.csproj", "{B9AE9443-FF0B-491E-B7A3-CE9156488051}"
EndProject
Project("{FAE04EC0-301F-11D3-BF4B-00C04F79EFBC}") = "SwitchRewrite2", "SwitchRewrite2\SwitchRewrite2.csproj", "{B0DB3B7D-5517-457B-8021-B0DAF6C8D845}"
EndProject
Project("{FAE04EC0-301F-11D3-BF4B-00C04F79EFBC}") = "FizzBuzz", "FizzBuzz\FizzBuzz.csproj", "{BDD006F1-0F48-4E72-8423-685C6493650E}"
EndProject
Project("{FAE04EC0-301F-11D3-BF4B-00C04F79EFBC}") = "SwitchRewrite3", "SwitchRewrite3\SwitchRewrite3.csproj", "{9A88D10A-93F8-42A6-99DF-ABCE6F98E139}"
EndProject
Project("{FAE04EC0-301F-11D3-BF4B-00C04F79EFBC}") = "TestProject8", "TestProject8\TestProject8.csproj", "{71142D60-37DE-491F-AD05-28F34F78A86D}"
EndProject
Project("{FAE04EC0-301F-11D3-BF4B-00C04F79EFBC}") = "TestProject9", "TestProject9\TestProject9.csproj", "{DB6D34A4-D52F-4C80-9813-1FCC87F2D090}"
EndProject
Project("{FAE04EC0-301F-11D3-BF4B-00C04F79EFBC}") = "StringProcessing", "StringProcessing\StringProcessing.csproj", "{7333A4F0-D78D-4932-AB2B-487661F22F0B}"
EndProject
Project("{FAE04EC0-301F-11D3-BF4B-00C04F79EFBC}") = "PetsProject", "PetsProject\PetsProject.csproj", "{36DB5040-23B2-40B0-A52F-7277F6E47D99}"
EndProject
Project("{FAE04EC0-301F-11D3-BF4B-00C04F79EFBC}") = "SwitchRewrite4", "SwitchRewrite4\SwitchRewrite4.csproj", "{CD02D0B5-7BC2-4526-B082-2846EF60F1D3}"
EndProject
Project("{FAE04EC0-301F-11D3-BF4B-00C04F79EFBC}") = "PetsProject2", "PetsProject2\PetsProject2.csproj", "{5A5BB94C-93D0-4B0F-8F9E-38E83BEE4C75}"
EndProject
Project("{FAE04EC0-301F-11D3-BF4B-00C04F79EFBC}") = "AnotherTest2", "AnotherTest2\AnotherTest2.csproj", "{D88F1109-AF8A-44A4-93FA-464384CF9D44}"
EndProject
Project("{FAE04EC0-301F-11D3-BF4B-00C04F79EFBC}") = "AnotherTest3", "AnotherTest3\AnotherTest3.csproj", "{893B5926-5A5A-4879-8FBA-7C501ECE3F50}"
EndProject
Project("{FAE04EC0-301F-11D3-BF4B-00C04F79EFBC}") = "AnotherTest4", "AnotherTest4\AnotherTest4.csproj", "{4032C81B-119E-4767-B156-8296D4733548}"
EndProject
Project("{FAE04EC0-301F-11D3-BF4B-00C04F79EFBC}") = "AnotherTest5", "AnotherTest5\AnotherTest5.csproj", "{6654FB2A-7541-40FF-BD9B-C222543961C9}"
EndProject
Project("{FAE04EC0-301F-11D3-BF4B-00C04F79EFBC}") = "AnotherTest6", "AnotherTest6\AnotherTest6.csproj", "{11E8E611-FCF8-415A-A707-98A242D626C8}"
EndProject
Project("{FAE04EC0-301F-11D3-BF4B-00C04F79EFBC}") = "AnotherTest7", "AnotherTest7\AnotherTest7.csproj", "{9B38D1EF-9073-4D0D-B9F3-8AC51BD623DC}"
EndProject
Project("{FAE04EC0-301F-11D3-BF4B-00C04F79EFBC}") = "AnotherTest8", "AnotherTest8\AnotherTest8.csproj", "{33EAFA0F-9BD4-4EB6-A631-1DE6AD49AB12}"
EndProject
Project("{FAE04EC0-301F-11D3-BF4B-00C04F79EFBC}") = "ReverseWords", "ReverseWords\ReverseWords.csproj", "{B2E4FA57-777C-43E5-9A2E-8480EB7E0ACB}"
EndProject
Project("{FAE04EC0-301F-11D3-BF4B-00C04F79EFBC}") = "OrderIDChecks", "OrderIDChecks\OrderIDChecks.csproj", "{4E16B1F0-CEE9-4B8C-95BA-DFDAE847B3CE}"
EndProject
Project("{FAE04EC0-301F-11D3-BF4B-00C04F79EFBC}") = "StringFormatting", "StringFormatting\StringFormatting.csproj", "{9A1AB03F-6FDF-4519-A045-12F7257B8261}"
EndProject
Project("{FAE04EC0-301F-11D3-BF4B-00C04F79EFBC}") = "StringFormatting2", "StringFormatting2\StringFormatting2.csproj", "{2908C8BF-FE3B-4AC4-AD37-6648CFA1A12C}"
EndProject
Project("{FAE04EC0-301F-11D3-BF4B-00C04F79EFBC}") = "StringFormatting3", "StringFormatting3\StringFormatting3.csproj", "{60FDFF5D-2DA0-4C76-B047-EE2AE1F765D9}"
EndProject
Project("{FAE04EC0-301F-11D3-BF4B-00C04F79EFBC}") = "StringFormatting4", "StringFormatting4\StringFormatting4.csproj", "{D25B67B3-951C-43AC-8D21-B9B36C1B20C1}"
EndProject
Project("{FAE04EC0-301F-11D3-BF4B-00C04F79EFBC}") = "StringFormatting5", "StringFormatting5\StringFormatting5.csproj", "{7C4F879F-E0B8-4712-B8B4-8C1B63C381D9}"
EndProject
Project("{FAE04EC0-301F-11D3-BF4B-00C04F79EFBC}") = "StringFormatting6", "StringFormatting6\StringFormatting6.csproj", "{BC9DCB05-C1F5-4C05-9EE6-B8A877F07DFE}"
EndProject
Global
	GlobalSection(SolutionConfigurationPlatforms) = preSolution
		Debug|Any CPU = Debug|Any CPU
		Release|Any CPU = Release|Any CPU
	EndGlobalSection
	GlobalSection(ProjectConfigurationPlatforms) = postSolution
		{C393C39E-434B-21C1-6C56-7AC4E694B8B1}.Debug|Any CPU.ActiveCfg = Debug|Any CPU
		{C393C39E-434B-21C1-6C56-7AC4E694B8B1}.Debug|Any CPU.Build.0 = Debug|Any CPU
		{C393C39E-434B-21C1-6C56-7AC4E694B8B1}.Release|Any CPU.ActiveCfg = Release|Any CPU
		{C393C39E-434B-21C1-6C56-7AC4E694B8B1}.Release|Any CPU.Build.0 = Release|Any CPU
		{D928D7AC-FDCB-4986-90C9-3FEE724F8444}.Debug|Any CPU.ActiveCfg = Debug|Any CPU
		{D928D7AC-FDCB-4986-90C9-3FEE724F8444}.Debug|Any CPU.Build.0 = Debug|Any CPU
		{D928D7AC-FDCB-4986-90C9-3FEE724F8444}.Release|Any CPU.ActiveCfg = Release|Any CPU
		{D928D7AC-FDCB-4986-90C9-3FEE724F8444}.Release|Any CPU.Build.0 = Release|Any CPU
		{5C05000E-E380-4451-BB24-9B4AAA7723F3}.Debug|Any CPU.ActiveCfg = Debug|Any CPU
		{5C05000E-E380-4451-BB24-9B4AAA7723F3}.Debug|Any CPU.Build.0 = Debug|Any CPU
		{5C05000E-E380-4451-BB24-9B4AAA7723F3}.Release|Any CPU.ActiveCfg = Release|Any CPU
		{5C05000E-E380-4451-BB24-9B4AAA7723F3}.Release|Any CPU.Build.0 = Release|Any CPU
		{9BF34A6E-30C6-4398-9D2B-672E0C87DD8E}.Debug|Any CPU.ActiveCfg = Debug|Any CPU
		{9BF34A6E-30C6-4398-9D2B-672E0C87DD8E}.Debug|Any CPU.Build.0 = Debug|Any CPU
		{9BF34A6E-30C6-4398-9D2B-672E0C87DD8E}.Release|Any CPU.ActiveCfg = Release|Any CPU
		{9BF34A6E-30C6-4398-9D2B-672E0C87DD8E}.Release|Any CPU.Build.0 = Release|Any CPU
		{326763C3-35D7-4CDF-B6E9-F1DCA6EEA063}.Debug|Any CPU.ActiveCfg = Debug|Any CPU
		{326763C3-35D7-4CDF-B6E9-F1DCA6EEA063}.Debug|Any CPU.Build.0 = Debug|Any CPU
		{326763C3-35D7-4CDF-B6E9-F1DCA6EEA063}.Release|Any CPU.ActiveCfg = Release|Any CPU
		{326763C3-35D7-4CDF-B6E9-F1DCA6EEA063}.Release|Any CPU.Build.0 = Release|Any CPU
		{CC02B29E-7D7D-4B30-870B-6F424E42929B}.Debug|Any CPU.ActiveCfg = Debug|Any CPU
		{CC02B29E-7D7D-4B30-870B-6F424E42929B}.Debug|Any CPU.Build.0 = Debug|Any CPU
		{CC02B29E-7D7D-4B30-870B-6F424E42929B}.Release|Any CPU.ActiveCfg = Release|Any CPU
		{CC02B29E-7D7D-4B30-870B-6F424E42929B}.Release|Any CPU.Build.0 = Release|Any CPU
		{C9497FE7-B0D6-4554-9903-30715ABC4A13}.Debug|Any CPU.ActiveCfg = Debug|Any CPU
		{C9497FE7-B0D6-4554-9903-30715ABC4A13}.Debug|Any CPU.Build.0 = Debug|Any CPU
		{C9497FE7-B0D6-4554-9903-30715ABC4A13}.Release|Any CPU.ActiveCfg = Release|Any CPU
		{C9497FE7-B0D6-4554-9903-30715ABC4A13}.Release|Any CPU.Build.0 = Release|Any CPU
		{C1F9D723-72D9-4D76-8282-FFB92BE677AC}.Debug|Any CPU.ActiveCfg = Debug|Any CPU
		{C1F9D723-72D9-4D76-8282-FFB92BE677AC}.Debug|Any CPU.Build.0 = Debug|Any CPU
		{C1F9D723-72D9-4D76-8282-FFB92BE677AC}.Release|Any CPU.ActiveCfg = Release|Any CPU
		{C1F9D723-72D9-4D76-8282-FFB92BE677AC}.Release|Any CPU.Build.0 = Release|Any CPU
		{26FE6462-8CFF-4C3F-8FF5-8793E1E85344}.Debug|Any CPU.ActiveCfg = Debug|Any CPU
		{26FE6462-8CFF-4C3F-8FF5-8793E1E85344}.Debug|Any CPU.Build.0 = Debug|Any CPU
		{26FE6462-8CFF-4C3F-8FF5-8793E1E85344}.Release|Any CPU.ActiveCfg = Release|Any CPU
		{26FE6462-8CFF-4C3F-8FF5-8793E1E85344}.Release|Any CPU.Build.0 = Release|Any CPU
		{62EE493B-8698-48F2-9218-5CF8E379B181}.Debug|Any CPU.ActiveCfg = Debug|Any CPU
		{62EE493B-8698-48F2-9218-5CF8E379B181}.Debug|Any CPU.Build.0 = Debug|Any CPU
		{62EE493B-8698-48F2-9218-5CF8E379B181}.Release|Any CPU.ActiveCfg = Release|Any CPU
		{62EE493B-8698-48F2-9218-5CF8E379B181}.Release|Any CPU.Build.0 = Release|Any CPU
		{9631779C-6B35-40B9-8922-6E02AE04B23E}.Debug|Any CPU.ActiveCfg = Debug|Any CPU
		{9631779C-6B35-40B9-8922-6E02AE04B23E}.Debug|Any CPU.Build.0 = Debug|Any CPU
		{9631779C-6B35-40B9-8922-6E02AE04B23E}.Release|Any CPU.ActiveCfg = Release|Any CPU
		{9631779C-6B35-40B9-8922-6E02AE04B23E}.Release|Any CPU.Build.0 = Release|Any CPU
		{F20EA655-B58D-4F6D-A942-88E2D8934EB7}.Debug|Any CPU.ActiveCfg = Debug|Any CPU
		{F20EA655-B58D-4F6D-A942-88E2D8934EB7}.Debug|Any CPU.Build.0 = Debug|Any CPU
		{F20EA655-B58D-4F6D-A942-88E2D8934EB7}.Release|Any CPU.ActiveCfg = Release|Any CPU
		{F20EA655-B58D-4F6D-A942-88E2D8934EB7}.Release|Any CPU.Build.0 = Release|Any CPU
		{18F01ACA-4FF3-4BE7-9E19-C26EA95E59F0}.Debug|Any CPU.ActiveCfg = Debug|Any CPU
		{18F01ACA-4FF3-4BE7-9E19-C26EA95E59F0}.Debug|Any CPU.Build.0 = Debug|Any CPU
		{18F01ACA-4FF3-4BE7-9E19-C26EA95E59F0}.Release|Any CPU.ActiveCfg = Release|Any CPU
		{18F01ACA-4FF3-4BE7-9E19-C26EA95E59F0}.Release|Any CPU.Build.0 = Release|Any CPU
		{B8B7CD72-0844-4928-8EDA-BE31CB9C85DB}.Debug|Any CPU.ActiveCfg = Debug|Any CPU
		{B8B7CD72-0844-4928-8EDA-BE31CB9C85DB}.Debug|Any CPU.Build.0 = Debug|Any CPU
		{B8B7CD72-0844-4928-8EDA-BE31CB9C85DB}.Release|Any CPU.ActiveCfg = Release|Any CPU
		{B8B7CD72-0844-4928-8EDA-BE31CB9C85DB}.Release|Any CPU.Build.0 = Release|Any CPU
		{E8F59F96-6DAC-41E8-97B0-46DFA17BE67C}.Debug|Any CPU.ActiveCfg = Debug|Any CPU
		{E8F59F96-6DAC-41E8-97B0-46DFA17BE67C}.Debug|Any CPU.Build.0 = Debug|Any CPU
		{E8F59F96-6DAC-41E8-97B0-46DFA17BE67C}.Release|Any CPU.ActiveCfg = Release|Any CPU
		{E8F59F96-6DAC-41E8-97B0-46DFA17BE67C}.Release|Any CPU.Build.0 = Release|Any CPU
		{6D2479F6-FAA2-4A43-A4CB-0B66F8E848A2}.Debug|Any CPU.ActiveCfg = Debug|Any CPU
		{6D2479F6-FAA2-4A43-A4CB-0B66F8E848A2}.Debug|Any CPU.Build.0 = Debug|Any CPU
		{6D2479F6-FAA2-4A43-A4CB-0B66F8E848A2}.Release|Any CPU.ActiveCfg = Release|Any CPU
		{6D2479F6-FAA2-4A43-A4CB-0B66F8E848A2}.Release|Any CPU.Build.0 = Release|Any CPU
		{5ABB5001-E199-454D-AABD-5B34AC276D35}.Debug|Any CPU.ActiveCfg = Debug|Any CPU
		{5ABB5001-E199-454D-AABD-5B34AC276D35}.Debug|Any CPU.Build.0 = Debug|Any CPU
		{5ABB5001-E199-454D-AABD-5B34AC276D35}.Release|Any CPU.ActiveCfg = Release|Any CPU
		{5ABB5001-E199-454D-AABD-5B34AC276D35}.Release|Any CPU.Build.0 = Release|Any CPU
		{7437E410-204D-48A5-B923-A74CA4C85384}.Debug|Any CPU.ActiveCfg = Debug|Any CPU
		{7437E410-204D-48A5-B923-A74CA4C85384}.Debug|Any CPU.Build.0 = Debug|Any CPU
		{7437E410-204D-48A5-B923-A74CA4C85384}.Release|Any CPU.ActiveCfg = Release|Any CPU
		{7437E410-204D-48A5-B923-A74CA4C85384}.Release|Any CPU.Build.0 = Release|Any CPU
		{A4825249-DA56-4C13-8959-0FB0743EBC08}.Debug|Any CPU.ActiveCfg = Debug|Any CPU
		{A4825249-DA56-4C13-8959-0FB0743EBC08}.Debug|Any CPU.Build.0 = Debug|Any CPU
		{A4825249-DA56-4C13-8959-0FB0743EBC08}.Release|Any CPU.ActiveCfg = Release|Any CPU
		{A4825249-DA56-4C13-8959-0FB0743EBC08}.Release|Any CPU.Build.0 = Release|Any CPU
		{B9AE9443-FF0B-491E-B7A3-CE9156488051}.Debug|Any CPU.ActiveCfg = Debug|Any CPU
		{B9AE9443-FF0B-491E-B7A3-CE9156488051}.Debug|Any CPU.Build.0 = Debug|Any CPU
		{B9AE9443-FF0B-491E-B7A3-CE9156488051}.Release|Any CPU.ActiveCfg = Release|Any CPU
		{B9AE9443-FF0B-491E-B7A3-CE9156488051}.Release|Any CPU.Build.0 = Release|Any CPU
		{B0DB3B7D-5517-457B-8021-B0DAF6C8D845}.Debug|Any CPU.ActiveCfg = Debug|Any CPU
		{B0DB3B7D-5517-457B-8021-B0DAF6C8D845}.Debug|Any CPU.Build.0 = Debug|Any CPU
		{B0DB3B7D-5517-457B-8021-B0DAF6C8D845}.Release|Any CPU.ActiveCfg = Release|Any CPU
		{B0DB3B7D-5517-457B-8021-B0DAF6C8D845}.Release|Any CPU.Build.0 = Release|Any CPU
		{BDD006F1-0F48-4E72-8423-685C6493650E}.Debug|Any CPU.ActiveCfg = Debug|Any CPU
		{BDD006F1-0F48-4E72-8423-685C6493650E}.Debug|Any CPU.Build.0 = Debug|Any CPU
		{BDD006F1-0F48-4E72-8423-685C6493650E}.Release|Any CPU.ActiveCfg = Release|Any CPU
		{BDD006F1-0F48-4E72-8423-685C6493650E}.Release|Any CPU.Build.0 = Release|Any CPU
		{9A88D10A-93F8-42A6-99DF-ABCE6F98E139}.Debug|Any CPU.ActiveCfg = Debug|Any CPU
		{9A88D10A-93F8-42A6-99DF-ABCE6F98E139}.Debug|Any CPU.Build.0 = Debug|Any CPU
		{9A88D10A-93F8-42A6-99DF-ABCE6F98E139}.Release|Any CPU.ActiveCfg = Release|Any CPU
		{9A88D10A-93F8-42A6-99DF-ABCE6F98E139}.Release|Any CPU.Build.0 = Release|Any CPU
		{71142D60-37DE-491F-AD05-28F34F78A86D}.Debug|Any CPU.ActiveCfg = Debug|Any CPU
		{71142D60-37DE-491F-AD05-28F34F78A86D}.Debug|Any CPU.Build.0 = Debug|Any CPU
		{71142D60-37DE-491F-AD05-28F34F78A86D}.Release|Any CPU.ActiveCfg = Release|Any CPU
		{71142D60-37DE-491F-AD05-28F34F78A86D}.Release|Any CPU.Build.0 = Release|Any CPU
		{DB6D34A4-D52F-4C80-9813-1FCC87F2D090}.Debug|Any CPU.ActiveCfg = Debug|Any CPU
		{DB6D34A4-D52F-4C80-9813-1FCC87F2D090}.Debug|Any CPU.Build.0 = Debug|Any CPU
		{DB6D34A4-D52F-4C80-9813-1FCC87F2D090}.Release|Any CPU.ActiveCfg = Release|Any CPU
		{DB6D34A4-D52F-4C80-9813-1FCC87F2D090}.Release|Any CPU.Build.0 = Release|Any CPU
		{7333A4F0-D78D-4932-AB2B-487661F22F0B}.Debug|Any CPU.ActiveCfg = Debug|Any CPU
		{7333A4F0-D78D-4932-AB2B-487661F22F0B}.Debug|Any CPU.Build.0 = Debug|Any CPU
		{7333A4F0-D78D-4932-AB2B-487661F22F0B}.Release|Any CPU.ActiveCfg = Release|Any CPU
		{7333A4F0-D78D-4932-AB2B-487661F22F0B}.Release|Any CPU.Build.0 = Release|Any CPU
		{36DB5040-23B2-40B0-A52F-7277F6E47D99}.Debug|Any CPU.ActiveCfg = Debug|Any CPU
		{36DB5040-23B2-40B0-A52F-7277F6E47D99}.Debug|Any CPU.Build.0 = Debug|Any CPU
		{36DB5040-23B2-40B0-A52F-7277F6E47D99}.Release|Any CPU.ActiveCfg = Release|Any CPU
		{36DB5040-23B2-40B0-A52F-7277F6E47D99}.Release|Any CPU.Build.0 = Release|Any CPU
		{CD02D0B5-7BC2-4526-B082-2846EF60F1D3}.Debug|Any CPU.ActiveCfg = Debug|Any CPU
		{CD02D0B5-7BC2-4526-B082-2846EF60F1D3}.Debug|Any CPU.Build.0 = Debug|Any CPU
		{CD02D0B5-7BC2-4526-B082-2846EF60F1D3}.Release|Any CPU.ActiveCfg = Release|Any CPU
		{CD02D0B5-7BC2-4526-B082-2846EF60F1D3}.Release|Any CPU.Build.0 = Release|Any CPU
		{5A5BB94C-93D0-4B0F-8F9E-38E83BEE4C75}.Debug|Any CPU.ActiveCfg = Debug|Any CPU
		{5A5BB94C-93D0-4B0F-8F9E-38E83BEE4C75}.Debug|Any CPU.Build.0 = Debug|Any CPU
		{5A5BB94C-93D0-4B0F-8F9E-38E83BEE4C75}.Release|Any CPU.ActiveCfg = Release|Any CPU
		{5A5BB94C-93D0-4B0F-8F9E-38E83BEE4C75}.Release|Any CPU.Build.0 = Release|Any CPU
		{D88F1109-AF8A-44A4-93FA-464384CF9D44}.Debug|Any CPU.ActiveCfg = Debug|Any CPU
		{D88F1109-AF8A-44A4-93FA-464384CF9D44}.Debug|Any CPU.Build.0 = Debug|Any CPU
		{D88F1109-AF8A-44A4-93FA-464384CF9D44}.Release|Any CPU.ActiveCfg = Release|Any CPU
		{D88F1109-AF8A-44A4-93FA-464384CF9D44}.Release|Any CPU.Build.0 = Release|Any CPU
		{893B5926-5A5A-4879-8FBA-7C501ECE3F50}.Debug|Any CPU.ActiveCfg = Debug|Any CPU
		{893B5926-5A5A-4879-8FBA-7C501ECE3F50}.Debug|Any CPU.Build.0 = Debug|Any CPU
		{893B5926-5A5A-4879-8FBA-7C501ECE3F50}.Release|Any CPU.ActiveCfg = Release|Any CPU
		{893B5926-5A5A-4879-8FBA-7C501ECE3F50}.Release|Any CPU.Build.0 = Release|Any CPU
		{4032C81B-119E-4767-B156-8296D4733548}.Debug|Any CPU.ActiveCfg = Debug|Any CPU
		{4032C81B-119E-4767-B156-8296D4733548}.Debug|Any CPU.Build.0 = Debug|Any CPU
		{4032C81B-119E-4767-B156-8296D4733548}.Release|Any CPU.ActiveCfg = Release|Any CPU
		{4032C81B-119E-4767-B156-8296D4733548}.Release|Any CPU.Build.0 = Release|Any CPU
		{6654FB2A-7541-40FF-BD9B-C222543961C9}.Debug|Any CPU.ActiveCfg = Debug|Any CPU
		{6654FB2A-7541-40FF-BD9B-C222543961C9}.Debug|Any CPU.Build.0 = Debug|Any CPU
		{6654FB2A-7541-40FF-BD9B-C222543961C9}.Release|Any CPU.ActiveCfg = Release|Any CPU
		{6654FB2A-7541-40FF-BD9B-C222543961C9}.Release|Any CPU.Build.0 = Release|Any CPU
		{11E8E611-FCF8-415A-A707-98A242D626C8}.Debug|Any CPU.ActiveCfg = Debug|Any CPU
		{11E8E611-FCF8-415A-A707-98A242D626C8}.Debug|Any CPU.Build.0 = Debug|Any CPU
		{11E8E611-FCF8-415A-A707-98A242D626C8}.Release|Any CPU.ActiveCfg = Release|Any CPU
		{11E8E611-FCF8-415A-A707-98A242D626C8}.Release|Any CPU.Build.0 = Release|Any CPU
		{9B38D1EF-9073-4D0D-B9F3-8AC51BD623DC}.Debug|Any CPU.ActiveCfg = Debug|Any CPU
		{9B38D1EF-9073-4D0D-B9F3-8AC51BD623DC}.Debug|Any CPU.Build.0 = Debug|Any CPU
		{9B38D1EF-9073-4D0D-B9F3-8AC51BD623DC}.Release|Any CPU.ActiveCfg = Release|Any CPU
		{9B38D1EF-9073-4D0D-B9F3-8AC51BD623DC}.Release|Any CPU.Build.0 = Release|Any CPU
		{33EAFA0F-9BD4-4EB6-A631-1DE6AD49AB12}.Debug|Any CPU.ActiveCfg = Debug|Any CPU
		{33EAFA0F-9BD4-4EB6-A631-1DE6AD49AB12}.Debug|Any CPU.Build.0 = Debug|Any CPU
		{33EAFA0F-9BD4-4EB6-A631-1DE6AD49AB12}.Release|Any CPU.ActiveCfg = Release|Any CPU
		{33EAFA0F-9BD4-4EB6-A631-1DE6AD49AB12}.Release|Any CPU.Build.0 = Release|Any CPU
		{B2E4FA57-777C-43E5-9A2E-8480EB7E0ACB}.Debug|Any CPU.ActiveCfg = Debug|Any CPU
		{B2E4FA57-777C-43E5-9A2E-8480EB7E0ACB}.Debug|Any CPU.Build.0 = Debug|Any CPU
		{B2E4FA57-777C-43E5-9A2E-8480EB7E0ACB}.Release|Any CPU.ActiveCfg = Release|Any CPU
		{B2E4FA57-777C-43E5-9A2E-8480EB7E0ACB}.Release|Any CPU.Build.0 = Release|Any CPU
		{4E16B1F0-CEE9-4B8C-95BA-DFDAE847B3CE}.Debug|Any CPU.ActiveCfg = Debug|Any CPU
		{4E16B1F0-CEE9-4B8C-95BA-DFDAE847B3CE}.Debug|Any CPU.Build.0 = Debug|Any CPU
		{4E16B1F0-CEE9-4B8C-95BA-DFDAE847B3CE}.Release|Any CPU.ActiveCfg = Release|Any CPU
		{4E16B1F0-CEE9-4B8C-95BA-DFDAE847B3CE}.Release|Any CPU.Build.0 = Release|Any CPU
		{9A1AB03F-6FDF-4519-A045-12F7257B8261}.Debug|Any CPU.ActiveCfg = Debug|Any CPU
		{9A1AB03F-6FDF-4519-A045-12F7257B8261}.Debug|Any CPU.Build.0 = Debug|Any CPU
		{9A1AB03F-6FDF-4519-A045-12F7257B8261}.Release|Any CPU.ActiveCfg = Release|Any CPU
		{9A1AB03F-6FDF-4519-A045-12F7257B8261}.Release|Any CPU.Build.0 = Release|Any CPU
		{2908C8BF-FE3B-4AC4-AD37-6648CFA1A12C}.Debug|Any CPU.ActiveCfg = Debug|Any CPU
		{2908C8BF-FE3B-4AC4-AD37-6648CFA1A12C}.Debug|Any CPU.Build.0 = Debug|Any CPU
		{2908C8BF-FE3B-4AC4-AD37-6648CFA1A12C}.Release|Any CPU.ActiveCfg = Release|Any CPU
		{2908C8BF-FE3B-4AC4-AD37-6648CFA1A12C}.Release|Any CPU.Build.0 = Release|Any CPU
		{60FDFF5D-2DA0-4C76-B047-EE2AE1F765D9}.Debug|Any CPU.ActiveCfg = Debug|Any CPU
		{60FDFF5D-2DA0-4C76-B047-EE2AE1F765D9}.Debug|Any CPU.Build.0 = Debug|Any CPU
		{60FDFF5D-2DA0-4C76-B047-EE2AE1F765D9}.Release|Any CPU.ActiveCfg = Release|Any CPU
		{60FDFF5D-2DA0-4C76-B047-EE2AE1F765D9}.Release|Any CPU.Build.0 = Release|Any CPU
		{D25B67B3-951C-43AC-8D21-B9B36C1B20C1}.Debug|Any CPU.ActiveCfg = Debug|Any CPU
		{D25B67B3-951C-43AC-8D21-B9B36C1B20C1}.Debug|Any CPU.Build.0 = Debug|Any CPU
		{D25B67B3-951C-43AC-8D21-B9B36C1B20C1}.Release|Any CPU.ActiveCfg = Release|Any CPU
		{D25B67B3-951C-43AC-8D21-B9B36C1B20C1}.Release|Any CPU.Build.0 = Release|Any CPU
		{7C4F879F-E0B8-4712-B8B4-8C1B63C381D9}.Debug|Any CPU.ActiveCfg = Debug|Any CPU
		{7C4F879F-E0B8-4712-B8B4-8C1B63C381D9}.Debug|Any CPU.Build.0 = Debug|Any CPU
		{7C4F879F-E0B8-4712-B8B4-8C1B63C381D9}.Release|Any CPU.ActiveCfg = Release|Any CPU
		{7C4F879F-E0B8-4712-B8B4-8C1B63C381D9}.Release|Any CPU.Build.0 = Release|Any CPU
		{BC9DCB05-C1F5-4C05-9EE6-B8A877F07DFE}.Debug|Any CPU.ActiveCfg = Debug|Any CPU
		{BC9DCB05-C1F5-4C05-9EE6-B8A877F07DFE}.Debug|Any CPU.Build.0 = Debug|Any CPU
		{BC9DCB05-C1F5-4C05-9EE6-B8A877F07DFE}.Release|Any CPU.ActiveCfg = Release|Any CPU
		{BC9DCB05-C1F5-4C05-9EE6-B8A877F07DFE}.Release|Any CPU.Build.0 = Release|Any CPU
	EndGlobalSection
	GlobalSection(SolutionProperties) = preSolution
		HideSolutionNode = FALSE
	EndGlobalSection
	GlobalSection(ExtensibilityGlobals) = postSolution
		SolutionGuid = {5B989B83-EC68-4371-ADF1-0AAC09C0FFFA}
	EndGlobalSection
EndGlobal
